// !$*UTF8*$!
{
	archiveVersion = 1;
	classes = {
	};
	objectVersion = 46;
	objects = {

/* Begin PBXBuildFile section */
		0D02B9B415DC86C000D8EF2A /* OpenGL.framework in Frameworks */ = {isa = PBXBuildFile; fileRef = 0D02B9B315DC86C000D8EF2A /* OpenGL.framework */; };
		0D1C1D63149C61A800D18BAB /* Cocoa.framework in Frameworks */ = {isa = PBXBuildFile; fileRef = 0D1C1D62149C61A800D18BAB /* Cocoa.framework */; };
		0D1C1D6D149C61A800D18BAB /* InfoPlist.strings in Resources */ = {isa = PBXBuildFile; fileRef = 0D1C1D6B149C61A800D18BAB /* InfoPlist.strings */; };
		0D1C1D6F149C61A800D18BAB /* main.mm in Sources */ = {isa = PBXBuildFile; fileRef = 0D1C1D6E149C61A800D18BAB /* main.mm */; };
		0D1C1D76149C61A800D18BAB /* DromeDemoAppDelegate.mm in Sources */ = {isa = PBXBuildFile; fileRef = 0D1C1D75149C61A800D18BAB /* DromeDemoAppDelegate.mm */; };
		0D1C1D79149C61A900D18BAB /* MainMenu.xib in Resources */ = {isa = PBXBuildFile; fileRef = 0D1C1D77149C61A900D18BAB /* MainMenu.xib */; };
		0D1C1D95149C6F1300D18BAB /* libDromeGL.a in Frameworks */ = {isa = PBXBuildFile; fileRef = 0D1C1D56149C615700D18BAB /* libDromeGL.a */; };
		0D1C1D97149C6F1300D18BAB /* libDromeMath.a in Frameworks */ = {isa = PBXBuildFile; fileRef = 0D1C1D52149C615700D18BAB /* libDromeMath.a */; };
		0D1C1DD4149C74E800D18BAB /* libDromeCore.a in Frameworks */ = {isa = PBXBuildFile; fileRef = 0D1C1D54149C615700D18BAB /* libDromeCore.a */; };
		0D57C080149FEE8A00D9DADB /* drome.icns in Resources */ = {isa = PBXBuildFile; fileRef = 0D57C07F149FEE8A00D9DADB /* drome.icns */; };
		0DD05C4715DE032300C851AA /* DromeNSOpenGLView.mm in Sources */ = {isa = PBXBuildFile; fileRef = 0DD05C4615DE032300C851AA /* DromeNSOpenGLView.mm */; };
/* End PBXBuildFile section */

/* Begin PBXContainerItemProxy section */
		0D1C1D51149C615700D18BAB /* PBXContainerItemProxy */ = {
			isa = PBXContainerItemProxy;
			containerPortal = 0D1C1D47149C615700D18BAB /* DromeEngine.xcodeproj */;
			proxyType = 2;
			remoteGlobalIDString = 0D1C1C40149C5F5200D18BAB;
			remoteInfo = DromeMath;
		};
		0D1C1D53149C615700D18BAB /* PBXContainerItemProxy */ = {
			isa = PBXContainerItemProxy;
			containerPortal = 0D1C1D47149C615700D18BAB /* DromeEngine.xcodeproj */;
			proxyType = 2;
			remoteGlobalIDString = 0D1C1C5D149C5F9F00D18BAB;
			remoteInfo = DromeCore;
		};
		0D1C1D55149C615700D18BAB /* PBXContainerItemProxy */ = {
			isa = PBXContainerItemProxy;
			containerPortal = 0D1C1D47149C615700D18BAB /* DromeEngine.xcodeproj */;
			proxyType = 2;
			remoteGlobalIDString = 0D1C1C9D149C5FFD00D18BAB;
			remoteInfo = DromeGfx;
		};
		0D1C1D7D149C624400D18BAB /* PBXContainerItemProxy */ = {
			isa = PBXContainerItemProxy;
			containerPortal = 0D1C1D47149C615700D18BAB /* DromeEngine.xcodeproj */;
			proxyType = 1;
			remoteGlobalIDString = 0D1C1C3F149C5F5200D18BAB;
			remoteInfo = DromeMath;
		};
		0D1C1D81149C624400D18BAB /* PBXContainerItemProxy */ = {
			isa = PBXContainerItemProxy;
			containerPortal = 0D1C1D47149C615700D18BAB /* DromeEngine.xcodeproj */;
			proxyType = 1;
			remoteGlobalIDString = 0D1C1C9C149C5FFD00D18BAB;
			remoteInfo = DromeGfx;
		};
		0D1C1DD2149C74E100D18BAB /* PBXContainerItemProxy */ = {
			isa = PBXContainerItemProxy;
			containerPortal = 0D1C1D47149C615700D18BAB /* DromeEngine.xcodeproj */;
			proxyType = 1;
			remoteGlobalIDString = 0D1C1DC1149C74B700D18BAB;
			remoteInfo = DromeCore;
		};
/* End PBXContainerItemProxy section */

/* Begin PBXFileReference section */
		0D02B9B315DC86C000D8EF2A /* OpenGL.framework */ = {isa = PBXFileReference; lastKnownFileType = wrapper.framework; name = OpenGL.framework; path = Platforms/MacOSX.platform/Developer/SDKs/MacOSX10.8.sdk/System/Library/Frameworks/OpenGL.framework; sourceTree = DEVELOPER_DIR; };
		0D1C1D47149C615700D18BAB /* DromeEngine.xcodeproj */ = {isa = PBXFileReference; lastKnownFileType = "wrapper.pb-project"; path = DromeEngine.xcodeproj; sourceTree = "<group>"; };
		0D1C1D5E149C61A800D18BAB /* DromeDemo.app */ = {isa = PBXFileReference; explicitFileType = wrapper.application; includeInIndex = 0; path = DromeDemo.app; sourceTree = BUILT_PRODUCTS_DIR; };
		0D1C1D62149C61A800D18BAB /* Cocoa.framework */ = {isa = PBXFileReference; lastKnownFileType = wrapper.framework; name = Cocoa.framework; path = System/Library/Frameworks/Cocoa.framework; sourceTree = SDKROOT; };
		0D1C1D65149C61A800D18BAB /* AppKit.framework */ = {isa = PBXFileReference; lastKnownFileType = wrapper.framework; name = AppKit.framework; path = System/Library/Frameworks/AppKit.framework; sourceTree = SDKROOT; };
		0D1C1D66149C61A800D18BAB /* CoreData.framework */ = {isa = PBXFileReference; lastKnownFileType = wrapper.framework; name = CoreData.framework; path = System/Library/Frameworks/CoreData.framework; sourceTree = SDKROOT; };
		0D1C1D67149C61A800D18BAB /* Foundation.framework */ = {isa = PBXFileReference; lastKnownFileType = wrapper.framework; name = Foundation.framework; path = System/Library/Frameworks/Foundation.framework; sourceTree = SDKROOT; };
		0D1C1D6A149C61A800D18BAB /* DromeDemo-Info.plist */ = {isa = PBXFileReference; lastKnownFileType = text.plist.xml; path = "DromeDemo-Info.plist"; sourceTree = "<group>"; };
		0D1C1D6C149C61A800D18BAB /* en */ = {isa = PBXFileReference; lastKnownFileType = text.plist.strings; name = en; path = en.lproj/InfoPlist.strings; sourceTree = "<group>"; };
		0D1C1D6E149C61A800D18BAB /* main.mm */ = {isa = PBXFileReference; lastKnownFileType = sourcecode.cpp.objcpp; path = main.mm; sourceTree = "<group>"; };
		0D1C1D70149C61A800D18BAB /* DromeDemo-Prefix.pch */ = {isa = PBXFileReference; lastKnownFileType = sourcecode.c.h; path = "DromeDemo-Prefix.pch"; sourceTree = "<group>"; };
		0D1C1D74149C61A800D18BAB /* DromeDemoAppDelegate.h */ = {isa = PBXFileReference; lastKnownFileType = sourcecode.c.h; path = DromeDemoAppDelegate.h; sourceTree = "<group>"; };
		0D1C1D75149C61A800D18BAB /* DromeDemoAppDelegate.mm */ = {isa = PBXFileReference; lastKnownFileType = sourcecode.cpp.objcpp; path = DromeDemoAppDelegate.mm; sourceTree = "<group>"; };
		0D1C1D78149C61A900D18BAB /* en */ = {isa = PBXFileReference; lastKnownFileType = file.xib; name = en; path = en.lproj/MainMenu.xib; sourceTree = "<group>"; };
		0D57C07F149FEE8A00D9DADB /* drome.icns */ = {isa = PBXFileReference; lastKnownFileType = image.icns; path = drome.icns; sourceTree = SOURCE_ROOT; };
		0DD05C4515DE032300C851AA /* DromeNSOpenGLView.h */ = {isa = PBXFileReference; fileEncoding = 4; lastKnownFileType = sourcecode.c.h; path = DromeNSOpenGLView.h; sourceTree = "<group>"; };
		0DD05C4615DE032300C851AA /* DromeNSOpenGLView.mm */ = {isa = PBXFileReference; fileEncoding = 4; lastKnownFileType = sourcecode.cpp.objcpp; path = DromeNSOpenGLView.mm; sourceTree = "<group>"; };
/* End PBXFileReference section */

/* Begin PBXFrameworksBuildPhase section */
		0D1C1D5B149C61A800D18BAB /* Frameworks */ = {
			isa = PBXFrameworksBuildPhase;
			buildActionMask = 2147483647;
			files = (
				0D02B9B415DC86C000D8EF2A /* OpenGL.framework in Frameworks */,
				0D1C1DD4149C74E800D18BAB /* libDromeCore.a in Frameworks */,
				0D1C1D95149C6F1300D18BAB /* libDromeGL.a in Frameworks */,
				0D1C1D97149C6F1300D18BAB /* libDromeMath.a in Frameworks */,
				0D1C1D63149C61A800D18BAB /* Cocoa.framework in Frameworks */,
			);
			runOnlyForDeploymentPostprocessing = 0;
		};
/* End PBXFrameworksBuildPhase section */

/* Begin PBXGroup section */
		0D1C1D3B149C613900D18BAB = {
			isa = PBXGroup;
			children = (
				0D1C1D47149C615700D18BAB /* DromeEngine.xcodeproj */,
				0D1C1D68149C61A800D18BAB /* DromeDemo */,
				0D1C1D61149C61A800D18BAB /* Frameworks */,
				0D1C1D5F149C61A800D18BAB /* Products */,
			);
			sourceTree = "<group>";
		};
		0D1C1D48149C615700D18BAB /* Products */ = {
			isa = PBXGroup;
			children = (
				0D1C1D52149C615700D18BAB /* libDromeMath.a */,
				0D1C1D56149C615700D18BAB /* libDromeGL.a */,
				0D1C1D54149C615700D18BAB /* libDromeCore.a */,
			);
			name = Products;
			sourceTree = "<group>";
		};
		0D1C1D5F149C61A800D18BAB /* Products */ = {
			isa = PBXGroup;
			children = (
				0D1C1D5E149C61A800D18BAB /* DromeDemo.app */,
			);
			name = Products;
			sourceTree = "<group>";
		};
		0D1C1D61149C61A800D18BAB /* Frameworks */ = {
			isa = PBXGroup;
			children = (
				0D02B9B315DC86C000D8EF2A /* OpenGL.framework */,
				0D1C1D65149C61A800D18BAB /* AppKit.framework */,
				0D1C1D66149C61A800D18BAB /* CoreData.framework */,
				0D1C1D67149C61A800D18BAB /* Foundation.framework */,
				0D1C1D62149C61A800D18BAB /* Cocoa.framework */,
			);
			name = Frameworks;
			sourceTree = "<group>";
		};
		0D1C1D68149C61A800D18BAB /* DromeDemo */ = {
			isa = PBXGroup;
			children = (
				0D1C1D74149C61A800D18BAB /* DromeDemoAppDelegate.h */,
				0D1C1D75149C61A800D18BAB /* DromeDemoAppDelegate.mm */,
				0D1C1D77149C61A900D18BAB /* MainMenu.xib */,
				0D1C1D69149C61A800D18BAB /* Supporting Files */,
				0DD05C4515DE032300C851AA /* DromeNSOpenGLView.h */,
				0DD05C4615DE032300C851AA /* DromeNSOpenGLView.mm */,
			);
			path = DromeDemo;
			sourceTree = "<group>";
		};
		0D1C1D69149C61A800D18BAB /* Supporting Files */ = {
			isa = PBXGroup;
			children = (
				0D57C07F149FEE8A00D9DADB /* drome.icns */,
				0D1C1D6A149C61A800D18BAB /* DromeDemo-Info.plist */,
				0D1C1D6B149C61A800D18BAB /* InfoPlist.strings */,
				0D1C1D6E149C61A800D18BAB /* main.mm */,
				0D1C1D70149C61A800D18BAB /* DromeDemo-Prefix.pch */,
			);
			name = "Supporting Files";
			sourceTree = "<group>";
		};
/* End PBXGroup section */

/* Begin PBXNativeTarget section */
		0D1C1D5D149C61A800D18BAB /* DromeDemo */ = {
			isa = PBXNativeTarget;
			buildConfigurationList = 0D1C1D7A149C61A900D18BAB /* Build configuration list for PBXNativeTarget "DromeDemo" */;
			buildPhases = (
				0D1C1D5A149C61A800D18BAB /* Sources */,
				0D1C1D5B149C61A800D18BAB /* Frameworks */,
				0D1C1D5C149C61A800D18BAB /* Resources */,
			);
			buildRules = (
			);
			dependencies = (
				0D1C1DD3149C74E100D18BAB /* PBXTargetDependency */,
				0D1C1D7E149C624400D18BAB /* PBXTargetDependency */,
				0D1C1D82149C624400D18BAB /* PBXTargetDependency */,
			);
			name = DromeDemo;
			productName = DromeDemo;
			productReference = 0D1C1D5E149C61A800D18BAB /* DromeDemo.app */;
			productType = "com.apple.product-type.application";
		};
/* End PBXNativeTarget section */

/* Begin PBXProject section */
		0D1C1D3D149C613900D18BAB /* Project object */ = {
			isa = PBXProject;
			attributes = {
				LastUpgradeCheck = 0500;
			};
			buildConfigurationList = 0D1C1D40149C613900D18BAB /* Build configuration list for PBXProject "DromeDemo" */;
			compatibilityVersion = "Xcode 3.2";
			developmentRegion = English;
			hasScannedForEncodings = 0;
			knownRegions = (
				en,
			);
			mainGroup = 0D1C1D3B149C613900D18BAB;
			productRefGroup = 0D1C1D5F149C61A800D18BAB /* Products */;
			projectDirPath = "";
			projectReferences = (
				{
					ProductGroup = 0D1C1D48149C615700D18BAB /* Products */;
					ProjectRef = 0D1C1D47149C615700D18BAB /* DromeEngine.xcodeproj */;
				},
			);
			projectRoot = "";
			targets = (
				0D1C1D5D149C61A800D18BAB /* DromeDemo */,
			);
		};
/* End PBXProject section */

/* Begin PBXReferenceProxy section */
		0D1C1D52149C615700D18BAB /* libDromeMath.a */ = {
			isa = PBXReferenceProxy;
			fileType = archive.ar;
			path = libDromeMath.a;
			remoteRef = 0D1C1D51149C615700D18BAB /* PBXContainerItemProxy */;
			sourceTree = BUILT_PRODUCTS_DIR;
		};
		0D1C1D54149C615700D18BAB /* libDromeCore.a */ = {
			isa = PBXReferenceProxy;
			fileType = archive.ar;
			path = libDromeCore.a;
			remoteRef = 0D1C1D53149C615700D18BAB /* PBXContainerItemProxy */;
			sourceTree = BUILT_PRODUCTS_DIR;
		};
		0D1C1D56149C615700D18BAB /* libDromeGL.a */ = {
			isa = PBXReferenceProxy;
			fileType = archive.ar;
			path = libDromeGL.a;
			remoteRef = 0D1C1D55149C615700D18BAB /* PBXContainerItemProxy */;
			sourceTree = BUILT_PRODUCTS_DIR;
		};
/* End PBXReferenceProxy section */

/* Begin PBXResourcesBuildPhase section */
		0D1C1D5C149C61A800D18BAB /* Resources */ = {
			isa = PBXResourcesBuildPhase;
			buildActionMask = 2147483647;
			files = (
				0D1C1D6D149C61A800D18BAB /* InfoPlist.strings in Resources */,
				0D1C1D79149C61A900D18BAB /* MainMenu.xib in Resources */,
				0D57C080149FEE8A00D9DADB /* drome.icns in Resources */,
			);
			runOnlyForDeploymentPostprocessing = 0;
		};
/* End PBXResourcesBuildPhase section */

/* Begin PBXSourcesBuildPhase section */
		0D1C1D5A149C61A800D18BAB /* Sources */ = {
			isa = PBXSourcesBuildPhase;
			buildActionMask = 2147483647;
			files = (
				0D1C1D6F149C61A800D18BAB /* main.mm in Sources */,
				0D1C1D76149C61A800D18BAB /* DromeDemoAppDelegate.mm in Sources */,
				0DD05C4715DE032300C851AA /* DromeNSOpenGLView.mm in Sources */,
			);
			runOnlyForDeploymentPostprocessing = 0;
		};
/* End PBXSourcesBuildPhase section */

/* Begin PBXTargetDependency section */
		0D1C1D7E149C624400D18BAB /* PBXTargetDependency */ = {
			isa = PBXTargetDependency;
			name = DromeMath;
			targetProxy = 0D1C1D7D149C624400D18BAB /* PBXContainerItemProxy */;
		};
		0D1C1D82149C624400D18BAB /* PBXTargetDependency */ = {
			isa = PBXTargetDependency;
			name = DromeGfx;
			targetProxy = 0D1C1D81149C624400D18BAB /* PBXContainerItemProxy */;
		};
		0D1C1DD3149C74E100D18BAB /* PBXTargetDependency */ = {
			isa = PBXTargetDependency;
			name = DromeCore;
			targetProxy = 0D1C1DD2149C74E100D18BAB /* PBXContainerItemProxy */;
		};
/* End PBXTargetDependency section */

/* Begin PBXVariantGroup section */
		0D1C1D6B149C61A800D18BAB /* InfoPlist.strings */ = {
			isa = PBXVariantGroup;
			children = (
				0D1C1D6C149C61A800D18BAB /* en */,
			);
			name = InfoPlist.strings;
			sourceTree = "<group>";
		};
		0D1C1D77149C61A900D18BAB /* MainMenu.xib */ = {
			isa = PBXVariantGroup;
			children = (
				0D1C1D78149C61A900D18BAB /* en */,
			);
			name = MainMenu.xib;
			sourceTree = "<group>";
		};
/* End PBXVariantGroup section */

/* Begin XCBuildConfiguration section */
		0D1C1D42149C613900D18BAB /* Debug */ = {
			isa = XCBuildConfiguration;
			buildSettings = {
				GCC_PREPROCESSOR_DEFINITIONS = APPLE;
				HEADER_SEARCH_PATHS = ../include;
				ONLY_ACTIVE_ARCH = YES;
			};
			name = Debug;
		};
		0D1C1D43149C613900D18BAB /* Release */ = {
			isa = XCBuildConfiguration;
			buildSettings = {
				GCC_PREPROCESSOR_DEFINITIONS = APPLE;
				HEADER_SEARCH_PATHS = ../include;
			};
			name = Release;
		};
		0D1C1D7B149C61A900D18BAB /* Debug */ = {
			isa = XCBuildConfiguration;
			buildSettings = {
				ALWAYS_SEARCH_USER_PATHS = NO;
				COMBINE_HIDPI_IMAGES = YES;
				COPY_PHASE_STRIP = NO;
				GCC_C_LANGUAGE_STANDARD = gnu99;
				GCC_DYNAMIC_NO_PIC = NO;
				GCC_ENABLE_OBJC_EXCEPTIONS = YES;
				GCC_OPTIMIZATION_LEVEL = 0;
				GCC_PRECOMPILE_PREFIX_HEADER = YES;
				GCC_PREFIX_HEADER = "DromeDemo/DromeDemo-Prefix.pch";
				GCC_PREPROCESSOR_DEFINITIONS = (
					"DEBUG=1",
					"$(inherited)",
				);
				GCC_SYMBOLS_PRIVATE_EXTERN = NO;
				GCC_VERSION = com.apple.compilers.llvm.clang.1_0;
				GCC_WARN_64_TO_32_BIT_CONVERSION = YES;
				GCC_WARN_ABOUT_MISSING_PROTOTYPES = YES;
				GCC_WARN_ABOUT_RETURN_TYPE = YES;
				GCC_WARN_UNUSED_VARIABLE = YES;
				INFOPLIST_FILE = "DromeDemo/DromeDemo-Info.plist";
				MACOSX_DEPLOYMENT_TARGET = 10.7;
				ONLY_ACTIVE_ARCH = YES;
				PRODUCT_NAME = "$(TARGET_NAME)";
				SDKROOT = macosx;
				WRAPPER_EXTENSION = app;
			};
			name = Debug;
		};
		0D1C1D7C149C61A900D18BAB /* Release */ = {
			isa = XCBuildConfiguration;
			buildSettings = {
				ALWAYS_SEARCH_USER_PATHS = NO;
				COMBINE_HIDPI_IMAGES = YES;
				COPY_PHASE_STRIP = YES;
				DEBUG_INFORMATION_FORMAT = "dwarf-with-dsym";
				GCC_C_LANGUAGE_STANDARD = gnu99;
				GCC_ENABLE_OBJC_EXCEPTIONS = YES;
				GCC_PRECOMPILE_PREFIX_HEADER = YES;
				GCC_PREFIX_HEADER = "DromeDemo/DromeDemo-Prefix.pch";
				GCC_VERSION = com.apple.compilers.llvm.clang.1_0;
				GCC_WARN_64_TO_32_BIT_CONVERSION = YES;
				GCC_WARN_ABOUT_MISSING_PROTOTYPES = YES;
				GCC_WARN_ABOUT_RETURN_TYPE = YES;
				GCC_WARN_UNUSED_VARIABLE = YES;
				INFOPLIST_FILE = "DromeDemo/DromeDemo-Info.plist";
				MACOSX_DEPLOYMENT_TARGET = 10.7;
				PRODUCT_NAME = "$(TARGET_NAME)";
				SDKROOT = macosx;
				WRAPPER_EXTENSION = app;
			};
			name = Release;
		};
/* End XCBuildConfiguration section */

/* Begin XCConfigurationList section */
		0D1C1D40149C613900D18BAB /* Build configuration list for PBXProject "DromeDemo" */ = {
			isa = XCConfigurationList;
			buildConfigurations = (
				0D1C1D42149C613900D18BAB /* Debug */,
				0D1C1D43149C613900D18BAB /* Release */,
			);
			defaultConfigurationIsVisible = 0;
			defaultConfigurationName = Release;
		};
		0D1C1D7A149C61A900D18BAB /* Build configuration list for PBXNativeTarget "DromeDemo" */ = {
			isa = XCConfigurationList;
			buildConfigurations = (
				0D1C1D7B149C61A900D18BAB /* Debug */,
				0D1C1D7C149C61A900D18BAB /* Release */,
			);
			defaultConfigurationIsVisible = 0;
			defaultConfigurationName = Release;
		};
/* End XCConfigurationList section */
	};
	rootObject = 0D1C1D3D149C613900D18BAB /* Project object */;
}
