// !$*UTF8*$!
{
	archiveVersion = 1;
	classes = {
	};
	objectVersion = 46;
	objects = {

/* Begin PBXBuildFile section */
		0D03A27515D843EF005D6261 /* InfoPlist.strings in Resources */ = {isa = PBXBuildFile; fileRef = 0D03A27315D843EF005D6261 /* InfoPlist.strings */; };
		0D03A28215D844D5005D6261 /* AppDelegate.mm in Sources */ = {isa = PBXBuildFile; fileRef = 0D03A27F15D844D5005D6261 /* AppDelegate.mm */; };
		0D03A28315D844D5005D6261 /* DromeGLView.m in Sources */ = {isa = PBXBuildFile; fileRef = 0D03A28115D844D5005D6261 /* DromeGLView.m */; };
		0D03A28915D844DE005D6261 /* main.mm in Sources */ = {isa = PBXBuildFile; fileRef = 0D03A28415D844DE005D6261 /* main.mm */; };
		0D03A28E15D845E7005D6261 /* OpenGLES.framework in Frameworks */ = {isa = PBXBuildFile; fileRef = 0D03A28D15D845E7005D6261 /* OpenGLES.framework */; };
		0D03A29015D84606005D6261 /* Foundation.framework in Frameworks */ = {isa = PBXBuildFile; fileRef = 0D03A28F15D84606005D6261 /* Foundation.framework */; };
		0D03A29215D8461B005D6261 /* CoreGraphics.framework in Frameworks */ = {isa = PBXBuildFile; fileRef = 0D03A29115D8461B005D6261 /* CoreGraphics.framework */; };
		0D03A29415D8462D005D6261 /* UIKit.framework in Frameworks */ = {isa = PBXBuildFile; fileRef = 0D03A29315D8462D005D6261 /* UIKit.framework */; };
		0D03A29615D846AA005D6261 /* QuartzCore.framework in Frameworks */ = {isa = PBXBuildFile; fileRef = 0D03A29515D846AA005D6261 /* QuartzCore.framework */; };
		0D03A29715D846C6005D6261 /* libDromeCore.a in Frameworks */ = {isa = PBXBuildFile; fileRef = 0D03A25E15D843C5005D6261 /* libDromeCore.a */; };
		0D03A29815D846C6005D6261 /* libDromeGL.a in Frameworks */ = {isa = PBXBuildFile; fileRef = 0D03A26015D843C5005D6261 /* libDromeGL.a */; };
		0D03A29915D846C6005D6261 /* libDromeMath.a in Frameworks */ = {isa = PBXBuildFile; fileRef = 0D03A25C15D843C5005D6261 /* libDromeMath.a */; };
		0D5E3838183BFBA80090BC54 /* Default-568h@2x.png in Resources */ = {isa = PBXBuildFile; fileRef = 0D5E3837183BFBA80090BC54 /* Default-568h@2x.png */; };
		0D5E383A183BFC200090BC54 /* dromeIcon.png in Resources */ = {isa = PBXBuildFile; fileRef = 0D5E3839183BFC200090BC54 /* dromeIcon.png */; };
		0D5E383D183C00BA0090BC54 /* Scene.cpp in Sources */ = {isa = PBXBuildFile; fileRef = 0D5E383B183C00BA0090BC54 /* Scene.cpp */; };
		0D5E3840183C00D30090BC54 /* shader.fp in Resources */ = {isa = PBXBuildFile; fileRef = 0D5E383E183C00D30090BC54 /* shader.fp */; };
		0D5E3841183C00D30090BC54 /* shader.vp in Resources */ = {isa = PBXBuildFile; fileRef = 0D5E383F183C00D30090BC54 /* shader.vp */; };
		0D5E3843183C00E00090BC54 /* normalmap.png in Resources */ = {isa = PBXBuildFile; fileRef = 0D5E3842183C00E00090BC54 /* normalmap.png */; };
		0D732A68183AA0FD00617785 /* Storyboard.storyboard in Resources */ = {isa = PBXBuildFile; fileRef = 0D732A67183AA0FD00617785 /* Storyboard.storyboard */; };
/* End PBXBuildFile section */

/* Begin PBXContainerItemProxy section */
		0D03A25B15D843C5005D6261 /* PBXContainerItemProxy */ = {
			isa = PBXContainerItemProxy;
			containerPortal = 0D03A25215D843C5005D6261 /* DromeEngine.xcodeproj */;
			proxyType = 2;
			remoteGlobalIDString = D2AAC07E0554694100DB518D;
			remoteInfo = DromeMath;
		};
		0D03A25D15D843C5005D6261 /* PBXContainerItemProxy */ = {
			isa = PBXContainerItemProxy;
			containerPortal = 0D03A25215D843C5005D6261 /* DromeEngine.xcodeproj */;
			proxyType = 2;
			remoteGlobalIDString = 0D5196331299EDCE0065E656;
			remoteInfo = DromeCore;
		};
		0D03A25F15D843C5005D6261 /* PBXContainerItemProxy */ = {
			isa = PBXContainerItemProxy;
			containerPortal = 0D03A25215D843C5005D6261 /* DromeEngine.xcodeproj */;
			proxyType = 2;
			remoteGlobalIDString = 0D51964A1299EE180065E656;
			remoteInfo = DromeGL;
		};
/* End PBXContainerItemProxy section */

/* Begin PBXFileReference section */
		0D03A25215D843C5005D6261 /* DromeEngine.xcodeproj */ = {isa = PBXFileReference; lastKnownFileType = "wrapper.pb-project"; path = DromeEngine.xcodeproj; sourceTree = "<group>"; };
		0D03A26615D843EF005D6261 /* DromeDemo.app */ = {isa = PBXFileReference; explicitFileType = wrapper.application; includeInIndex = 0; path = DromeDemo.app; sourceTree = BUILT_PRODUCTS_DIR; };
		0D03A27215D843EF005D6261 /* DromeDemo-Info.plist */ = {isa = PBXFileReference; lastKnownFileType = text.plist.xml; path = "DromeDemo-Info.plist"; sourceTree = "<group>"; };
		0D03A27415D843EF005D6261 /* en */ = {isa = PBXFileReference; lastKnownFileType = text.plist.strings; name = en; path = en.lproj/InfoPlist.strings; sourceTree = "<group>"; };
		0D03A27815D843EF005D6261 /* DromeDemo-Prefix.pch */ = {isa = PBXFileReference; lastKnownFileType = sourcecode.c.h; path = "DromeDemo-Prefix.pch"; sourceTree = "<group>"; };
		0D03A27915D843EF005D6261 /* AppDelegate.h */ = {isa = PBXFileReference; lastKnownFileType = sourcecode.c.h; path = AppDelegate.h; sourceTree = "<group>"; };
		0D03A27F15D844D5005D6261 /* AppDelegate.mm */ = {isa = PBXFileReference; fileEncoding = 4; lastKnownFileType = sourcecode.cpp.objcpp; path = AppDelegate.mm; sourceTree = "<group>"; };
		0D03A28015D844D5005D6261 /* DromeGLView.h */ = {isa = PBXFileReference; fileEncoding = 4; lastKnownFileType = sourcecode.c.h; path = DromeGLView.h; sourceTree = "<group>"; };
		0D03A28115D844D5005D6261 /* DromeGLView.m */ = {isa = PBXFileReference; fileEncoding = 4; lastKnownFileType = sourcecode.c.objc; path = DromeGLView.m; sourceTree = "<group>"; };
		0D03A28415D844DE005D6261 /* main.mm */ = {isa = PBXFileReference; fileEncoding = 4; lastKnownFileType = sourcecode.cpp.objcpp; path = main.mm; sourceTree = "<group>"; };
		0D03A28D15D845E7005D6261 /* OpenGLES.framework */ = {isa = PBXFileReference; lastKnownFileType = wrapper.framework; name = OpenGLES.framework; path = Platforms/iPhoneOS.platform/Developer/SDKs/iPhoneOS5.1.sdk/System/Library/Frameworks/OpenGLES.framework; sourceTree = DEVELOPER_DIR; };
		0D03A28F15D84606005D6261 /* Foundation.framework */ = {isa = PBXFileReference; lastKnownFileType = wrapper.framework; name = Foundation.framework; path = Platforms/iPhoneOS.platform/Developer/SDKs/iPhoneOS5.1.sdk/System/Library/Frameworks/Foundation.framework; sourceTree = DEVELOPER_DIR; };
		0D03A29115D8461B005D6261 /* CoreGraphics.framework */ = {isa = PBXFileReference; lastKnownFileType = wrapper.framework; name = CoreGraphics.framework; path = Platforms/iPhoneOS.platform/Developer/SDKs/iPhoneOS5.1.sdk/System/Library/Frameworks/CoreGraphics.framework; sourceTree = DEVELOPER_DIR; };
		0D03A29315D8462D005D6261 /* UIKit.framework */ = {isa = PBXFileReference; lastKnownFileType = wrapper.framework; name = UIKit.framework; path = Platforms/iPhoneOS.platform/Developer/SDKs/iPhoneOS5.1.sdk/System/Library/Frameworks/UIKit.framework; sourceTree = DEVELOPER_DIR; };
		0D03A29515D846AA005D6261 /* QuartzCore.framework */ = {isa = PBXFileReference; lastKnownFileType = wrapper.framework; name = QuartzCore.framework; path = Platforms/iPhoneOS.platform/Developer/SDKs/iPhoneOS5.1.sdk/System/Library/Frameworks/QuartzCore.framework; sourceTree = DEVELOPER_DIR; };
		0D5E3837183BFBA80090BC54 /* Default-568h@2x.png */ = {isa = PBXFileReference; lastKnownFileType = image.png; path = "Default-568h@2x.png"; sourceTree = "<group>"; };
		0D5E3839183BFC200090BC54 /* dromeIcon.png */ = {isa = PBXFileReference; lastKnownFileType = image.png; name = dromeIcon.png; path = ../../dromeIcon.png; sourceTree = "<group>"; };
		0D5E383B183C00BA0090BC54 /* Scene.cpp */ = {isa = PBXFileReference; fileEncoding = 4; lastKnownFileType = sourcecode.cpp.cpp; path = Scene.cpp; sourceTree = "<group>"; };
		0D5E383C183C00BA0090BC54 /* Scene.h */ = {isa = PBXFileReference; fileEncoding = 4; lastKnownFileType = sourcecode.c.h; path = Scene.h; sourceTree = "<group>"; };
		0D5E383E183C00D30090BC54 /* shader.fp */ = {isa = PBXFileReference; fileEncoding = 4; lastKnownFileType = text; path = shader.fp; sourceTree = "<group>"; };
		0D5E383F183C00D30090BC54 /* shader.vp */ = {isa = PBXFileReference; fileEncoding = 4; lastKnownFileType = text; path = shader.vp; sourceTree = "<group>"; };
		0D5E3842183C00E00090BC54 /* normalmap.png */ = {isa = PBXFileReference; lastKnownFileType = image.png; path = normalmap.png; sourceTree = "<group>"; };
		0D732A67183AA0FD00617785 /* Storyboard.storyboard */ = {isa = PBXFileReference; fileEncoding = 4; lastKnownFileType = file.storyboard; path = Storyboard.storyboard; sourceTree = "<group>"; };
/* End PBXFileReference section */

/* Begin PBXFrameworksBuildPhase section */
		0D03A26315D843EF005D6261 /* Frameworks */ = {
			isa = PBXFrameworksBuildPhase;
			buildActionMask = 2147483647;
			files = (
				0D03A29715D846C6005D6261 /* libDromeCore.a in Frameworks */,
				0D03A29815D846C6005D6261 /* libDromeGL.a in Frameworks */,
				0D03A29915D846C6005D6261 /* libDromeMath.a in Frameworks */,
				0D03A29615D846AA005D6261 /* QuartzCore.framework in Frameworks */,
				0D03A29415D8462D005D6261 /* UIKit.framework in Frameworks */,
				0D03A29215D8461B005D6261 /* CoreGraphics.framework in Frameworks */,
				0D03A29015D84606005D6261 /* Foundation.framework in Frameworks */,
				0D03A28E15D845E7005D6261 /* OpenGLES.framework in Frameworks */,
			);
			runOnlyForDeploymentPostprocessing = 0;
		};
/* End PBXFrameworksBuildPhase section */

/* Begin PBXGroup section */
		0D03A23E15D84260005D6261 = {
			isa = PBXGroup;
			children = (
				0D5E3837183BFBA80090BC54 /* Default-568h@2x.png */,
				0D03A25215D843C5005D6261 /* DromeEngine.xcodeproj */,
				0D03A27015D843EF005D6261 /* DromeDemo */,
				0D03A26915D843EF005D6261 /* Frameworks */,
				0D03A26715D843EF005D6261 /* Products */,
			);
			sourceTree = "<group>";
		};
		0D03A25315D843C5005D6261 /* Products */ = {
			isa = PBXGroup;
			children = (
				0D03A25C15D843C5005D6261 /* libDromeMath.a */,
				0D03A25E15D843C5005D6261 /* libDromeCore.a */,
				0D03A26015D843C5005D6261 /* libDromeGL.a */,
			);
			name = Products;
			sourceTree = "<group>";
		};
		0D03A26715D843EF005D6261 /* Products */ = {
			isa = PBXGroup;
			children = (
				0D03A26615D843EF005D6261 /* DromeDemo.app */,
			);
			name = Products;
			sourceTree = "<group>";
		};
		0D03A26915D843EF005D6261 /* Frameworks */ = {
			isa = PBXGroup;
			children = (
				0D03A29515D846AA005D6261 /* QuartzCore.framework */,
				0D03A29315D8462D005D6261 /* UIKit.framework */,
				0D03A29115D8461B005D6261 /* CoreGraphics.framework */,
				0D03A28F15D84606005D6261 /* Foundation.framework */,
				0D03A28D15D845E7005D6261 /* OpenGLES.framework */,
			);
			name = Frameworks;
			sourceTree = "<group>";
		};
		0D03A27015D843EF005D6261 /* DromeDemo */ = {
			isa = PBXGroup;
			children = (
				0D03A28415D844DE005D6261 /* main.mm */,
				0D03A27915D843EF005D6261 /* AppDelegate.h */,
				0D03A27F15D844D5005D6261 /* AppDelegate.mm */,
				0D03A28015D844D5005D6261 /* DromeGLView.h */,
				0D03A28115D844D5005D6261 /* DromeGLView.m */,
				0D03A27115D843EF005D6261 /* Supporting Files */,
				0D732A67183AA0FD00617785 /* Storyboard.storyboard */,
			);
			path = DromeDemo;
			sourceTree = "<group>";
		};
		0D03A27115D843EF005D6261 /* Supporting Files */ = {
			isa = PBXGroup;
			children = (
				0D5E3842183C00E00090BC54 /* normalmap.png */,
				0D5E383E183C00D30090BC54 /* shader.fp */,
				0D5E383F183C00D30090BC54 /* shader.vp */,
				0D5E383B183C00BA0090BC54 /* Scene.cpp */,
				0D5E383C183C00BA0090BC54 /* Scene.h */,
				0D5E3839183BFC200090BC54 /* dromeIcon.png */,
				0D03A27215D843EF005D6261 /* DromeDemo-Info.plist */,
				0D03A27315D843EF005D6261 /* InfoPlist.strings */,
				0D03A27815D843EF005D6261 /* DromeDemo-Prefix.pch */,
			);
			name = "Supporting Files";
			sourceTree = "<group>";
		};
/* End PBXGroup section */

/* Begin PBXNativeTarget section */
		0D03A26515D843EF005D6261 /* DromeDemo */ = {
			isa = PBXNativeTarget;
			buildConfigurationList = 0D03A27C15D843EF005D6261 /* Build configuration list for PBXNativeTarget "DromeDemo" */;
			buildPhases = (
				0D03A26215D843EF005D6261 /* Sources */,
				0D03A26315D843EF005D6261 /* Frameworks */,
				0D03A26415D843EF005D6261 /* Resources */,
			);
			buildRules = (
			);
			dependencies = (
			);
			name = DromeDemo;
			productName = DromeDemo;
			productReference = 0D03A26615D843EF005D6261 /* DromeDemo.app */;
			productType = "com.apple.product-type.application";
		};
/* End PBXNativeTarget section */

/* Begin PBXProject section */
		0D03A24015D84260005D6261 /* Project object */ = {
			isa = PBXProject;
			attributes = {
				LastUpgradeCheck = 0440;
			};
			buildConfigurationList = 0D03A24315D84260005D6261 /* Build configuration list for PBXProject "DromeDemo" */;
			compatibilityVersion = "Xcode 3.2";
			developmentRegion = English;
			hasScannedForEncodings = 0;
			knownRegions = (
				en,
			);
			mainGroup = 0D03A23E15D84260005D6261;
			productRefGroup = 0D03A26715D843EF005D6261 /* Products */;
			projectDirPath = "";
			projectReferences = (
				{
					ProductGroup = 0D03A25315D843C5005D6261 /* Products */;
					ProjectRef = 0D03A25215D843C5005D6261 /* DromeEngine.xcodeproj */;
				},
			);
			projectRoot = "";
			targets = (
				0D03A26515D843EF005D6261 /* DromeDemo */,
			);
		};
/* End PBXProject section */

/* Begin PBXReferenceProxy section */
		0D03A25C15D843C5005D6261 /* libDromeMath.a */ = {
			isa = PBXReferenceProxy;
			fileType = archive.ar;
			path = libDromeMath.a;
			remoteRef = 0D03A25B15D843C5005D6261 /* PBXContainerItemProxy */;
			sourceTree = BUILT_PRODUCTS_DIR;
		};
		0D03A25E15D843C5005D6261 /* libDromeCore.a */ = {
			isa = PBXReferenceProxy;
			fileType = archive.ar;
			path = libDromeCore.a;
			remoteRef = 0D03A25D15D843C5005D6261 /* PBXContainerItemProxy */;
			sourceTree = BUILT_PRODUCTS_DIR;
		};
		0D03A26015D843C5005D6261 /* libDromeGL.a */ = {
			isa = PBXReferenceProxy;
			fileType = archive.ar;
			path = libDromeGL.a;
			remoteRef = 0D03A25F15D843C5005D6261 /* PBXContainerItemProxy */;
			sourceTree = BUILT_PRODUCTS_DIR;
		};
/* End PBXReferenceProxy section */

/* Begin PBXResourcesBuildPhase section */
		0D03A26415D843EF005D6261 /* Resources */ = {
			isa = PBXResourcesBuildPhase;
			buildActionMask = 2147483647;
			files = (
				0D5E383A183BFC200090BC54 /* dromeIcon.png in Resources */,
				0D5E3843183C00E00090BC54 /* normalmap.png in Resources */,
				0D5E3840183C00D30090BC54 /* shader.fp in Resources */,
				0D03A27515D843EF005D6261 /* InfoPlist.strings in Resources */,
				0D732A68183AA0FD00617785 /* Storyboard.storyboard in Resources */,
				0D5E3841183C00D30090BC54 /* shader.vp in Resources */,
				0D5E3838183BFBA80090BC54 /* Default-568h@2x.png in Resources */,
			);
			runOnlyForDeploymentPostprocessing = 0;
		};
/* End PBXResourcesBuildPhase section */

/* Begin PBXSourcesBuildPhase section */
		0D03A26215D843EF005D6261 /* Sources */ = {
			isa = PBXSourcesBuildPhase;
			buildActionMask = 2147483647;
			files = (
				0D5E383D183C00BA0090BC54 /* Scene.cpp in Sources */,
				0D03A28215D844D5005D6261 /* AppDelegate.mm in Sources */,
				0D03A28315D844D5005D6261 /* DromeGLView.m in Sources */,
				0D03A28915D844DE005D6261 /* main.mm in Sources */,
			);
			runOnlyForDeploymentPostprocessing = 0;
		};
/* End PBXSourcesBuildPhase section */

/* Begin PBXVariantGroup section */
		0D03A27315D843EF005D6261 /* InfoPlist.strings */ = {
			isa = PBXVariantGroup;
			children = (
				0D03A27415D843EF005D6261 /* en */,
			);
			name = InfoPlist.strings;
			sourceTree = "<group>";
		};
/* End PBXVariantGroup section */

/* Begin XCBuildConfiguration section */
		0D03A24515D84260005D6261 /* Debug */ = {
			isa = XCBuildConfiguration;
			buildSettings = {
				HEADER_SEARCH_PATHS = ../include;
			};
			name = Debug;
		};
		0D03A24615D84260005D6261 /* Release */ = {
			isa = XCBuildConfiguration;
			buildSettings = {
				HEADER_SEARCH_PATHS = ../include;
			};
			name = Release;
		};
		0D03A27D15D843EF005D6261 /* Debug */ = {
			isa = XCBuildConfiguration;
			buildSettings = {
				ALWAYS_SEARCH_USER_PATHS = NO;
				ARCHS = "$(ARCHS_STANDARD_32_BIT)";
				CLANG_CXX_LANGUAGE_STANDARD = "gnu++0x";
				CLANG_ENABLE_OBJC_ARC = YES;
				CLANG_WARN__DUPLICATE_METHOD_MATCH = YES;
				"CODE_SIGN_IDENTITY[sdk=iphoneos*]" = "iPhone Developer";
				COPY_PHASE_STRIP = NO;
				FRAMEWORK_SEARCH_PATHS = (
					"$(inherited)",
					"\"$(SYSTEM_APPS_DIR)/Xcode.app/Contents/Developer/Library/Frameworks\"",
				);
				GCC_C_LANGUAGE_STANDARD = gnu99;
				GCC_DYNAMIC_NO_PIC = NO;
				GCC_OPTIMIZATION_LEVEL = 0;
				GCC_PRECOMPILE_PREFIX_HEADER = YES;
				GCC_PREFIX_HEADER = "DromeDemo/DromeDemo-Prefix.pch";
				GCC_PREPROCESSOR_DEFINITIONS = (
					"DEBUG=1",
					"APPLE=1",
					"IOS=1",
					"$(inherited)",
				);
				GCC_SYMBOLS_PRIVATE_EXTERN = NO;
				GCC_VERSION = com.apple.compilers.llvm.clang.1_0;
				GCC_WARN_ABOUT_RETURN_TYPE = YES;
				GCC_WARN_UNINITIALIZED_AUTOS = YES;
				GCC_WARN_UNUSED_VARIABLE = YES;
				INFOPLIST_FILE = "DromeDemo/DromeDemo-Info.plist";
				IPHONEOS_DEPLOYMENT_TARGET = 6.0;
				PRODUCT_NAME = "$(TARGET_NAME)";
				SDKROOT = iphoneos;
				TARGETED_DEVICE_FAMILY = "1,2";
				WRAPPER_EXTENSION = app;
			};
			name = Debug;
		};
		0D03A27E15D843EF005D6261 /* Release */ = {
			isa = XCBuildConfiguration;
			buildSettings = {
				ALWAYS_SEARCH_USER_PATHS = NO;
				ARCHS = "$(ARCHS_STANDARD_32_BIT)";
				CLANG_CXX_LANGUAGE_STANDARD = "gnu++0x";
				CLANG_ENABLE_OBJC_ARC = YES;
				CLANG_WARN__DUPLICATE_METHOD_MATCH = YES;
				"CODE_SIGN_IDENTITY[sdk=iphoneos*]" = "iPhone Developer";
				COPY_PHASE_STRIP = YES;
				FRAMEWORK_SEARCH_PATHS = (
					"$(inherited)",
					"\"$(SYSTEM_APPS_DIR)/Xcode.app/Contents/Developer/Library/Frameworks\"",
				);
				GCC_C_LANGUAGE_STANDARD = gnu99;
				GCC_PRECOMPILE_PREFIX_HEADER = YES;
				GCC_PREFIX_HEADER = "DromeDemo/DromeDemo-Prefix.pch";
				GCC_PREPROCESSOR_DEFINITIONS = (
					"APPLE=1",
					"IOS=1",
				);
				GCC_VERSION = com.apple.compilers.llvm.clang.1_0;
				GCC_WARN_ABOUT_RETURN_TYPE = YES;
				GCC_WARN_UNINITIALIZED_AUTOS = YES;
				GCC_WARN_UNUSED_VARIABLE = YES;
				INFOPLIST_FILE = "DromeDemo/DromeDemo-Info.plist";
				IPHONEOS_DEPLOYMENT_TARGET = 6.0;
				OTHER_CFLAGS = "-DNS_BLOCK_ASSERTIONS=1";
				PRODUCT_NAME = "$(TARGET_NAME)";
				SDKROOT = iphoneos;
				TARGETED_DEVICE_FAMILY = "1,2";
				VALIDATE_PRODUCT = YES;
				WRAPPER_EXTENSION = app;
			};
			name = Release;
		};
/* End XCBuildConfiguration section */

/* Begin XCConfigurationList section */
		0D03A24315D84260005D6261 /* Build configuration list for PBXProject "DromeDemo" */ = {
			isa = XCConfigurationList;
			buildConfigurations = (
				0D03A24515D84260005D6261 /* Debug */,
				0D03A24615D84260005D6261 /* Release */,
			);
			defaultConfigurationIsVisible = 0;
			defaultConfigurationName = Release;
		};
		0D03A27C15D843EF005D6261 /* Build configuration list for PBXNativeTarget "DromeDemo" */ = {
			isa = XCConfigurationList;
			buildConfigurations = (
				0D03A27D15D843EF005D6261 /* Debug */,
				0D03A27E15D843EF005D6261 /* Release */,
			);
			defaultConfigurationIsVisible = 0;
			defaultConfigurationName = Release;
		};
/* End XCConfigurationList section */
	};
	rootObject = 0D03A24015D84260005D6261 /* Project object */;
}
