// !$*UTF8*$!
{
	archiveVersion = 1;
	classes = {
	};
	objectVersion = 45;
	objects = {

/* Begin PBXBuildFile section */
		0D05EA6E129B236A0000C6AB /* EAGLView.mm in Sources */ = {isa = PBXBuildFile; fileRef = 0D05EA65129B236A0000C6AB /* EAGLView.mm */; };
		0D05EA6F129B236A0000C6AB /* ES1Renderer.mm in Sources */ = {isa = PBXBuildFile; fileRef = 0D05EA67129B236A0000C6AB /* ES1Renderer.mm */; };
		0D05EA71129B236A0000C6AB /* main.mm in Sources */ = {isa = PBXBuildFile; fileRef = 0D05EA6B129B236A0000C6AB /* main.mm */; };
		0D05EA77129B23900000C6AB /* OpenGLES.framework in Frameworks */ = {isa = PBXBuildFile; fileRef = 0D05EA76129B23900000C6AB /* OpenGLES.framework */; };
		0D05EAE1129B23EF0000C6AB /* UIKit.framework in Frameworks */ = {isa = PBXBuildFile; fileRef = 0D05EAE0129B23EF0000C6AB /* UIKit.framework */; };
		0D05EB36129B24040000C6AB /* UIKit.framework in Frameworks */ = {isa = PBXBuildFile; fileRef = 0D05EAE0129B23EF0000C6AB /* UIKit.framework */; };
		0D05EB39129B240C0000C6AB /* Foundation.framework in Frameworks */ = {isa = PBXBuildFile; fileRef = AACBBE490F95108600F1A2B1 /* Foundation.framework */; };
		0D05EB3D129B24250000C6AB /* QuartzCore.framework in Frameworks */ = {isa = PBXBuildFile; fileRef = 0D05EB3C129B24250000C6AB /* QuartzCore.framework */; };
		0D05EB3E129B24290000C6AB /* QuartzCore.framework in Frameworks */ = {isa = PBXBuildFile; fileRef = 0D05EB3C129B24250000C6AB /* QuartzCore.framework */; };
		0D05EB6E129B25860000C6AB /* libDromeMath.a in Frameworks */ = {isa = PBXBuildFile; fileRef = D2AAC07E0554694100DB518D /* libDromeMath.a */; };
		0D05EB6F129B25890000C6AB /* libDromeCore.a in Frameworks */ = {isa = PBXBuildFile; fileRef = 0D5196331299EDCE0065E656 /* libDromeCore.a */; };
		0D05EB70129B258B0000C6AB /* libDromeGL.a in Frameworks */ = {isa = PBXBuildFile; fileRef = 0D51964A1299EE180065E656 /* libDromeGL.a */; };
		0D05EB75129B25A50000C6AB /* CoreGraphics.framework in Frameworks */ = {isa = PBXBuildFile; fileRef = 0D51970E1299EF510065E656 /* CoreGraphics.framework */; };
		0DB9B7AB157AF33F00B737EF /* BoundingBox.cpp in Sources */ = {isa = PBXBuildFile; fileRef = 0DB9B7A1157AF33F00B737EF /* BoundingBox.cpp */; };
		0DB9B7AC157AF33F00B737EF /* BoundingSphere.cpp in Sources */ = {isa = PBXBuildFile; fileRef = 0DB9B7A2157AF33F00B737EF /* BoundingSphere.cpp */; };
		0DB9B7AD157AF33F00B737EF /* Matrix4.cpp in Sources */ = {isa = PBXBuildFile; fileRef = 0DB9B7A4157AF33F00B737EF /* Matrix4.cpp */; };
		0DB9B7AE157AF33F00B737EF /* PhysicsObject.cpp in Sources */ = {isa = PBXBuildFile; fileRef = 0DB9B7A5157AF33F00B737EF /* PhysicsObject.cpp */; };
		0DB9B7AF157AF33F00B737EF /* Quaternion.cpp in Sources */ = {isa = PBXBuildFile; fileRef = 0DB9B7A6157AF33F00B737EF /* Quaternion.cpp */; };
		0DB9B7B0157AF33F00B737EF /* Rect2i.cpp in Sources */ = {isa = PBXBuildFile; fileRef = 0DB9B7A7157AF33F00B737EF /* Rect2i.cpp */; };
		0DB9B7B1157AF33F00B737EF /* Vector2i.cpp in Sources */ = {isa = PBXBuildFile; fileRef = 0DB9B7A8157AF33F00B737EF /* Vector2i.cpp */; };
		0DB9B7B2157AF33F00B737EF /* Vector3.cpp in Sources */ = {isa = PBXBuildFile; fileRef = 0DB9B7A9157AF33F00B737EF /* Vector3.cpp */; };
		0DB9B7B3157AF33F00B737EF /* Vector4.cpp in Sources */ = {isa = PBXBuildFile; fileRef = 0DB9B7AA157AF33F00B737EF /* Vector4.cpp */; };
		0DB9B7BD157AF3F500B737EF /* Cube.cpp in Sources */ = {isa = PBXBuildFile; fileRef = 0DB9B7B6157AF3F500B737EF /* Cube.cpp */; };
		0DB9B7BF157AF3F500B737EF /* ShaderProgram.cpp in Sources */ = {isa = PBXBuildFile; fileRef = 0DB9B7B8157AF3F500B737EF /* ShaderProgram.cpp */; };
		0DB9B7C0157AF3F500B737EF /* Sphere.cpp in Sources */ = {isa = PBXBuildFile; fileRef = 0DB9B7B9157AF3F500B737EF /* Sphere.cpp */; };
		0DB9B7C1157AF3F500B737EF /* Square.cpp in Sources */ = {isa = PBXBuildFile; fileRef = 0DB9B7BA157AF3F500B737EF /* Square.cpp */; };
		0DB9B7C2157AF3F500B737EF /* Texture.cpp in Sources */ = {isa = PBXBuildFile; fileRef = 0DB9B7BB157AF3F500B737EF /* Texture.cpp */; };
		0DB9B7C3157AF3F500B737EF /* VertexBuffer.cpp in Sources */ = {isa = PBXBuildFile; fileRef = 0DB9B7BC157AF3F500B737EF /* VertexBuffer.cpp */; };
		0DB9B7D5157AF3FE00B737EF /* Button.cpp in Sources */ = {isa = PBXBuildFile; fileRef = 0DB9B7C5157AF3FE00B737EF /* Button.cpp */; };
		0DB9B7D6157AF3FE00B737EF /* ButtonState.cpp in Sources */ = {isa = PBXBuildFile; fileRef = 0DB9B7C6157AF3FE00B737EF /* ButtonState.cpp */; };
		0DB9B7D7157AF3FE00B737EF /* Endian.cpp in Sources */ = {isa = PBXBuildFile; fileRef = 0DB9B7C8157AF3FE00B737EF /* Endian.cpp */; };
		0DB9B7D8157AF3FE00B737EF /* EventHandler.cpp in Sources */ = {isa = PBXBuildFile; fileRef = 0DB9B7C9157AF3FE00B737EF /* EventHandler.cpp */; };
		0DB9B7D9157AF3FE00B737EF /* Exception.cpp in Sources */ = {isa = PBXBuildFile; fileRef = 0DB9B7CA157AF3FE00B737EF /* Exception.cpp */; };
		0DB9B7DA157AF3FE00B737EF /* File.cpp in Sources */ = {isa = PBXBuildFile; fileRef = 0DB9B7CB157AF3FE00B737EF /* File.cpp */; };
		0DB9B7DB157AF3FE00B737EF /* File_Apple.mm in Sources */ = {isa = PBXBuildFile; fileRef = 0DB9B7CC157AF3FE00B737EF /* File_Apple.mm */; };
		0DB9B7DC157AF3FE00B737EF /* Image.cpp in Sources */ = {isa = PBXBuildFile; fileRef = 0DB9B7CD157AF3FE00B737EF /* Image.cpp */; };
		0DB9B7DD157AF3FE00B737EF /* PcxImage.cpp in Sources */ = {isa = PBXBuildFile; fileRef = 0DB9B7CE157AF3FE00B737EF /* PcxImage.cpp */; };
		0DB9B7DE157AF3FE00B737EF /* PcxImage.h in Headers */ = {isa = PBXBuildFile; fileRef = 0DB9B7CF157AF3FE00B737EF /* PcxImage.h */; };
		0DB9B7DF157AF3FE00B737EF /* PngImage.cpp in Sources */ = {isa = PBXBuildFile; fileRef = 0DB9B7D0157AF3FE00B737EF /* PngImage.cpp */; };
		0DB9B7E0157AF3FE00B737EF /* PngImage.h in Headers */ = {isa = PBXBuildFile; fileRef = 0DB9B7D1157AF3FE00B737EF /* PngImage.h */; };
		0DB9B7E1157AF3FE00B737EF /* String.cpp in Sources */ = {isa = PBXBuildFile; fileRef = 0DB9B7D2157AF3FE00B737EF /* String.cpp */; };
		0DB9B7E2157AF3FE00B737EF /* Util.cpp in Sources */ = {isa = PBXBuildFile; fileRef = 0DB9B7D3157AF3FE00B737EF /* Util.cpp */; };
		0DB9B7E3157AF3FE00B737EF /* Xml.cpp in Sources */ = {isa = PBXBuildFile; fileRef = 0DB9B7D4157AF3FE00B737EF /* Xml.cpp */; };
		0DB9B7EB157AFF1F00B737EF /* ViewController.m in Sources */ = {isa = PBXBuildFile; fileRef = 0DB9B7EA157AFF1F00B737EF /* ViewController.m */; };
		0DB9B7EC157B034500B737EF /* ViewController.xib in Resources */ = {isa = PBXBuildFile; fileRef = 0DB9B7E8157AFE0800B737EF /* ViewController.xib */; };
		0DB9B7F4157B068700B737EF /* AppDelegate.mm in Sources */ = {isa = PBXBuildFile; fileRef = 0DB9B7F3157B068700B737EF /* AppDelegate.mm */; };
/* End PBXBuildFile section */

/* Begin PBXContainerItemProxy section */
		0D05EDEC129C706D0000C6AB /* PBXContainerItemProxy */ = {
			isa = PBXContainerItemProxy;
			containerPortal = 0867D690FE84028FC02AAC07 /* Project object */;
			proxyType = 1;
			remoteGlobalIDString = D2AAC07D0554694100DB518D;
			remoteInfo = DromeMath;
		};
		0D05EDEE129C70700000C6AB /* PBXContainerItemProxy */ = {
			isa = PBXContainerItemProxy;
			containerPortal = 0867D690FE84028FC02AAC07 /* Project object */;
			proxyType = 1;
			remoteGlobalIDString = 0D5196321299EDCE0065E656;
			remoteInfo = DromeCore;
		};
		0D05EDF0129C70730000C6AB /* PBXContainerItemProxy */ = {
			isa = PBXContainerItemProxy;
			containerPortal = 0867D690FE84028FC02AAC07 /* Project object */;
			proxyType = 1;
			remoteGlobalIDString = 0D5196491299EE180065E656;
			remoteInfo = DromeGfx;
		};
/* End PBXContainerItemProxy section */

/* Begin PBXFileReference section */
		0D05EA5A129B22CB0000C6AB /* DromeDemo.app */ = {isa = PBXFileReference; explicitFileType = wrapper.application; includeInIndex = 0; path = DromeDemo.app; sourceTree = BUILT_PRODUCTS_DIR; };
		0D05EA5C129B22CB0000C6AB /* DromeDemo-Info.plist */ = {isa = PBXFileReference; lastKnownFileType = text.plist.xml; path = "DromeDemo-Info.plist"; sourceTree = "<group>"; };
		0D05EA64129B236A0000C6AB /* EAGLView.h */ = {isa = PBXFileReference; fileEncoding = 4; lastKnownFileType = sourcecode.c.h; path = EAGLView.h; sourceTree = "<group>"; };
		0D05EA65129B236A0000C6AB /* EAGLView.mm */ = {isa = PBXFileReference; fileEncoding = 4; lastKnownFileType = sourcecode.cpp.objcpp; path = EAGLView.mm; sourceTree = "<group>"; };
		0D05EA66129B236A0000C6AB /* ES1Renderer.h */ = {isa = PBXFileReference; fileEncoding = 4; lastKnownFileType = sourcecode.c.h; path = ES1Renderer.h; sourceTree = "<group>"; };
		0D05EA67129B236A0000C6AB /* ES1Renderer.mm */ = {isa = PBXFileReference; fileEncoding = 4; lastKnownFileType = sourcecode.cpp.objcpp; path = ES1Renderer.mm; sourceTree = "<group>"; };
		0D05EA6B129B236A0000C6AB /* main.mm */ = {isa = PBXFileReference; fileEncoding = 4; lastKnownFileType = sourcecode.cpp.objcpp; path = main.mm; sourceTree = "<group>"; };
		0D05EA76129B23900000C6AB /* OpenGLES.framework */ = {isa = PBXFileReference; lastKnownFileType = wrapper.framework; name = OpenGLES.framework; path = System/Library/Frameworks/OpenGLES.framework; sourceTree = SDKROOT; };
		0D05EAE0129B23EF0000C6AB /* UIKit.framework */ = {isa = PBXFileReference; lastKnownFileType = wrapper.framework; name = UIKit.framework; path = System/Library/Frameworks/UIKit.framework; sourceTree = SDKROOT; };
		0D05EB3C129B24250000C6AB /* QuartzCore.framework */ = {isa = PBXFileReference; lastKnownFileType = wrapper.framework; name = QuartzCore.framework; path = System/Library/Frameworks/QuartzCore.framework; sourceTree = SDKROOT; };
		0D5196331299EDCE0065E656 /* libDromeCore.a */ = {isa = PBXFileReference; explicitFileType = archive.ar; includeInIndex = 0; path = libDromeCore.a; sourceTree = BUILT_PRODUCTS_DIR; };
		0D51964A1299EE180065E656 /* libDromeGL.a */ = {isa = PBXFileReference; explicitFileType = archive.ar; includeInIndex = 0; path = libDromeGL.a; sourceTree = BUILT_PRODUCTS_DIR; };
		0D51970E1299EF510065E656 /* CoreGraphics.framework */ = {isa = PBXFileReference; lastKnownFileType = wrapper.framework; name = CoreGraphics.framework; path = System/Library/Frameworks/CoreGraphics.framework; sourceTree = SDKROOT; };
		0DB9B768157AF2F600B737EF /* BoundingBox.h */ = {isa = PBXFileReference; lastKnownFileType = sourcecode.c.h; path = BoundingBox.h; sourceTree = "<group>"; };
		0DB9B769157AF2F600B737EF /* BoundingSphere.h */ = {isa = PBXFileReference; lastKnownFileType = sourcecode.c.h; path = BoundingSphere.h; sourceTree = "<group>"; };
		0DB9B76A157AF2F600B737EF /* DromeMath */ = {isa = PBXFileReference; lastKnownFileType = text; path = DromeMath; sourceTree = "<group>"; };
		0DB9B76B157AF2F600B737EF /* Matrix4.h */ = {isa = PBXFileReference; lastKnownFileType = sourcecode.c.h; path = Matrix4.h; sourceTree = "<group>"; };
		0DB9B76C157AF2F600B737EF /* PhysicsObject.h */ = {isa = PBXFileReference; lastKnownFileType = sourcecode.c.h; path = PhysicsObject.h; sourceTree = "<group>"; };
		0DB9B76D157AF2F600B737EF /* Quaternion.h */ = {isa = PBXFileReference; lastKnownFileType = sourcecode.c.h; path = Quaternion.h; sourceTree = "<group>"; };
		0DB9B76E157AF2F600B737EF /* Rect2i.h */ = {isa = PBXFileReference; lastKnownFileType = sourcecode.c.h; path = Rect2i.h; sourceTree = "<group>"; };
		0DB9B76F157AF2F600B737EF /* Util.h */ = {isa = PBXFileReference; lastKnownFileType = sourcecode.c.h; path = Util.h; sourceTree = "<group>"; };
		0DB9B770157AF2F600B737EF /* Vector2i.h */ = {isa = PBXFileReference; lastKnownFileType = sourcecode.c.h; path = Vector2i.h; sourceTree = "<group>"; };
		0DB9B771157AF2F600B737EF /* Vector3.h */ = {isa = PBXFileReference; lastKnownFileType = sourcecode.c.h; path = Vector3.h; sourceTree = "<group>"; };
		0DB9B772157AF2F600B737EF /* Vector4.h */ = {isa = PBXFileReference; lastKnownFileType = sourcecode.c.h; path = Vector4.h; sourceTree = "<group>"; };
		0DB9B774157AF30400B737EF /* Cube.h */ = {isa = PBXFileReference; lastKnownFileType = sourcecode.c.h; path = Cube.h; sourceTree = "<group>"; };
		0DB9B775157AF30400B737EF /* DromeGL */ = {isa = PBXFileReference; lastKnownFileType = text; path = DromeGL; sourceTree = "<group>"; };
		0DB9B777157AF30400B737EF /* OpenGL.h */ = {isa = PBXFileReference; lastKnownFileType = sourcecode.c.h; path = OpenGL.h; sourceTree = "<group>"; };
		0DB9B778157AF30400B737EF /* ShaderProgram.h */ = {isa = PBXFileReference; lastKnownFileType = sourcecode.c.h; path = ShaderProgram.h; sourceTree = "<group>"; };
		0DB9B779157AF30400B737EF /* Sphere.h */ = {isa = PBXFileReference; lastKnownFileType = sourcecode.c.h; path = Sphere.h; sourceTree = "<group>"; };
		0DB9B77A157AF30400B737EF /* Square.h */ = {isa = PBXFileReference; lastKnownFileType = sourcecode.c.h; path = Square.h; sourceTree = "<group>"; };
		0DB9B77B157AF30400B737EF /* Texture.h */ = {isa = PBXFileReference; lastKnownFileType = sourcecode.c.h; path = Texture.h; sourceTree = "<group>"; };
		0DB9B77C157AF30400B737EF /* VertexBuffer.h */ = {isa = PBXFileReference; lastKnownFileType = sourcecode.c.h; path = VertexBuffer.h; sourceTree = "<group>"; };
		0DB9B77E157AF30E00B737EF /* Button.h */ = {isa = PBXFileReference; lastKnownFileType = sourcecode.c.h; path = Button.h; sourceTree = "<group>"; };
		0DB9B77F157AF30E00B737EF /* ButtonState.h */ = {isa = PBXFileReference; lastKnownFileType = sourcecode.c.h; path = ButtonState.h; sourceTree = "<group>"; };
		0DB9B780157AF30E00B737EF /* DromeCore */ = {isa = PBXFileReference; lastKnownFileType = text; path = DromeCore; sourceTree = "<group>"; };
		0DB9B781157AF30E00B737EF /* Endian.h */ = {isa = PBXFileReference; lastKnownFileType = sourcecode.c.h; path = Endian.h; sourceTree = "<group>"; };
		0DB9B782157AF30E00B737EF /* EventHandler.h */ = {isa = PBXFileReference; lastKnownFileType = sourcecode.c.h; path = EventHandler.h; sourceTree = "<group>"; };
		0DB9B783157AF30E00B737EF /* Exception.h */ = {isa = PBXFileReference; lastKnownFileType = sourcecode.c.h; path = Exception.h; sourceTree = "<group>"; };
		0DB9B784157AF30E00B737EF /* File.h */ = {isa = PBXFileReference; lastKnownFileType = sourcecode.c.h; path = File.h; sourceTree = "<group>"; };
		0DB9B785157AF30E00B737EF /* Image.h */ = {isa = PBXFileReference; lastKnownFileType = sourcecode.c.h; path = Image.h; sourceTree = "<group>"; };
		0DB9B786157AF30E00B737EF /* Ref.h */ = {isa = PBXFileReference; lastKnownFileType = sourcecode.c.h; path = Ref.h; sourceTree = "<group>"; };
		0DB9B787157AF30E00B737EF /* String.h */ = {isa = PBXFileReference; lastKnownFileType = sourcecode.c.h; path = String.h; sourceTree = "<group>"; };
		0DB9B788157AF30E00B737EF /* Util.h */ = {isa = PBXFileReference; lastKnownFileType = sourcecode.c.h; path = Util.h; sourceTree = "<group>"; };
		0DB9B789157AF30E00B737EF /* Xml.h */ = {isa = PBXFileReference; lastKnownFileType = sourcecode.c.h; path = Xml.h; sourceTree = "<group>"; };
		0DB9B7A1157AF33F00B737EF /* BoundingBox.cpp */ = {isa = PBXFileReference; fileEncoding = 4; lastKnownFileType = sourcecode.cpp.cpp; path = BoundingBox.cpp; sourceTree = "<group>"; };
		0DB9B7A2157AF33F00B737EF /* BoundingSphere.cpp */ = {isa = PBXFileReference; fileEncoding = 4; lastKnownFileType = sourcecode.cpp.cpp; path = BoundingSphere.cpp; sourceTree = "<group>"; };
		0DB9B7A4157AF33F00B737EF /* Matrix4.cpp */ = {isa = PBXFileReference; fileEncoding = 4; lastKnownFileType = sourcecode.cpp.cpp; path = Matrix4.cpp; sourceTree = "<group>"; };
		0DB9B7A5157AF33F00B737EF /* PhysicsObject.cpp */ = {isa = PBXFileReference; fileEncoding = 4; lastKnownFileType = sourcecode.cpp.cpp; path = PhysicsObject.cpp; sourceTree = "<group>"; };
		0DB9B7A6157AF33F00B737EF /* Quaternion.cpp */ = {isa = PBXFileReference; fileEncoding = 4; lastKnownFileType = sourcecode.cpp.cpp; path = Quaternion.cpp; sourceTree = "<group>"; };
		0DB9B7A7157AF33F00B737EF /* Rect2i.cpp */ = {isa = PBXFileReference; fileEncoding = 4; lastKnownFileType = sourcecode.cpp.cpp; path = Rect2i.cpp; sourceTree = "<group>"; };
		0DB9B7A8157AF33F00B737EF /* Vector2i.cpp */ = {isa = PBXFileReference; fileEncoding = 4; lastKnownFileType = sourcecode.cpp.cpp; path = Vector2i.cpp; sourceTree = "<group>"; };
		0DB9B7A9157AF33F00B737EF /* Vector3.cpp */ = {isa = PBXFileReference; fileEncoding = 4; lastKnownFileType = sourcecode.cpp.cpp; path = Vector3.cpp; sourceTree = "<group>"; };
		0DB9B7AA157AF33F00B737EF /* Vector4.cpp */ = {isa = PBXFileReference; fileEncoding = 4; lastKnownFileType = sourcecode.cpp.cpp; path = Vector4.cpp; sourceTree = "<group>"; };
		0DB9B7B6157AF3F500B737EF /* Cube.cpp */ = {isa = PBXFileReference; fileEncoding = 4; lastKnownFileType = sourcecode.cpp.cpp; path = Cube.cpp; sourceTree = "<group>"; };
		0DB9B7B8157AF3F500B737EF /* ShaderProgram.cpp */ = {isa = PBXFileReference; fileEncoding = 4; lastKnownFileType = sourcecode.cpp.cpp; path = ShaderProgram.cpp; sourceTree = "<group>"; };
		0DB9B7B9157AF3F500B737EF /* Sphere.cpp */ = {isa = PBXFileReference; fileEncoding = 4; lastKnownFileType = sourcecode.cpp.cpp; path = Sphere.cpp; sourceTree = "<group>"; };
		0DB9B7BA157AF3F500B737EF /* Square.cpp */ = {isa = PBXFileReference; fileEncoding = 4; lastKnownFileType = sourcecode.cpp.cpp; path = Square.cpp; sourceTree = "<group>"; };
		0DB9B7BB157AF3F500B737EF /* Texture.cpp */ = {isa = PBXFileReference; fileEncoding = 4; lastKnownFileType = sourcecode.cpp.cpp; path = Texture.cpp; sourceTree = "<group>"; };
		0DB9B7BC157AF3F500B737EF /* VertexBuffer.cpp */ = {isa = PBXFileReference; fileEncoding = 4; lastKnownFileType = sourcecode.cpp.cpp; path = VertexBuffer.cpp; sourceTree = "<group>"; };
		0DB9B7C5157AF3FE00B737EF /* Button.cpp */ = {isa = PBXFileReference; fileEncoding = 4; lastKnownFileType = sourcecode.cpp.cpp; path = Button.cpp; sourceTree = "<group>"; };
		0DB9B7C6157AF3FE00B737EF /* ButtonState.cpp */ = {isa = PBXFileReference; fileEncoding = 4; lastKnownFileType = sourcecode.cpp.cpp; path = ButtonState.cpp; sourceTree = "<group>"; };
		0DB9B7C8157AF3FE00B737EF /* Endian.cpp */ = {isa = PBXFileReference; fileEncoding = 4; lastKnownFileType = sourcecode.cpp.cpp; path = Endian.cpp; sourceTree = "<group>"; };
		0DB9B7C9157AF3FE00B737EF /* EventHandler.cpp */ = {isa = PBXFileReference; fileEncoding = 4; lastKnownFileType = sourcecode.cpp.cpp; path = EventHandler.cpp; sourceTree = "<group>"; };
		0DB9B7CA157AF3FE00B737EF /* Exception.cpp */ = {isa = PBXFileReference; fileEncoding = 4; lastKnownFileType = sourcecode.cpp.cpp; path = Exception.cpp; sourceTree = "<group>"; };
		0DB9B7CB157AF3FE00B737EF /* File.cpp */ = {isa = PBXFileReference; fileEncoding = 4; lastKnownFileType = sourcecode.cpp.cpp; path = File.cpp; sourceTree = "<group>"; };
		0DB9B7CC157AF3FE00B737EF /* File_Apple.mm */ = {isa = PBXFileReference; fileEncoding = 4; lastKnownFileType = sourcecode.cpp.objcpp; path = File_Apple.mm; sourceTree = "<group>"; };
		0DB9B7CD157AF3FE00B737EF /* Image.cpp */ = {isa = PBXFileReference; fileEncoding = 4; lastKnownFileType = sourcecode.cpp.cpp; path = Image.cpp; sourceTree = "<group>"; };
		0DB9B7CE157AF3FE00B737EF /* PcxImage.cpp */ = {isa = PBXFileReference; fileEncoding = 4; lastKnownFileType = sourcecode.cpp.cpp; path = PcxImage.cpp; sourceTree = "<group>"; };
		0DB9B7CF157AF3FE00B737EF /* PcxImage.h */ = {isa = PBXFileReference; fileEncoding = 4; lastKnownFileType = sourcecode.c.h; path = PcxImage.h; sourceTree = "<group>"; };
		0DB9B7D0157AF3FE00B737EF /* PngImage.cpp */ = {isa = PBXFileReference; fileEncoding = 4; lastKnownFileType = sourcecode.cpp.cpp; path = PngImage.cpp; sourceTree = "<group>"; };
		0DB9B7D1157AF3FE00B737EF /* PngImage.h */ = {isa = PBXFileReference; fileEncoding = 4; lastKnownFileType = sourcecode.c.h; path = PngImage.h; sourceTree = "<group>"; };
		0DB9B7D2157AF3FE00B737EF /* String.cpp */ = {isa = PBXFileReference; fileEncoding = 4; lastKnownFileType = sourcecode.cpp.cpp; path = String.cpp; sourceTree = "<group>"; };
		0DB9B7D3157AF3FE00B737EF /* Util.cpp */ = {isa = PBXFileReference; fileEncoding = 4; lastKnownFileType = sourcecode.cpp.cpp; path = Util.cpp; sourceTree = "<group>"; };
		0DB9B7D4157AF3FE00B737EF /* Xml.cpp */ = {isa = PBXFileReference; fileEncoding = 4; lastKnownFileType = sourcecode.cpp.cpp; path = Xml.cpp; sourceTree = "<group>"; };
		0DB9B7E8157AFE0800B737EF /* ViewController.xib */ = {isa = PBXFileReference; lastKnownFileType = file.xib; path = ViewController.xib; sourceTree = "<group>"; };
		0DB9B7E9157AFF1F00B737EF /* ViewController.h */ = {isa = PBXFileReference; fileEncoding = 4; lastKnownFileType = sourcecode.c.h; path = ViewController.h; sourceTree = "<group>"; };
		0DB9B7EA157AFF1F00B737EF /* ViewController.m */ = {isa = PBXFileReference; fileEncoding = 4; lastKnownFileType = sourcecode.c.objc; path = ViewController.m; sourceTree = "<group>"; };
		0DB9B7F2157B068700B737EF /* AppDelegate.h */ = {isa = PBXFileReference; fileEncoding = 4; lastKnownFileType = sourcecode.c.h; path = AppDelegate.h; sourceTree = "<group>"; };
		0DB9B7F3157B068700B737EF /* AppDelegate.mm */ = {isa = PBXFileReference; fileEncoding = 4; lastKnownFileType = sourcecode.cpp.objcpp; path = AppDelegate.mm; sourceTree = "<group>"; };
		AACBBE490F95108600F1A2B1 /* Foundation.framework */ = {isa = PBXFileReference; lastKnownFileType = wrapper.framework; name = Foundation.framework; path = System/Library/Frameworks/Foundation.framework; sourceTree = SDKROOT; };
		D2AAC07E0554694100DB518D /* libDromeMath.a */ = {isa = PBXFileReference; explicitFileType = archive.ar; includeInIndex = 0; path = libDromeMath.a; sourceTree = BUILT_PRODUCTS_DIR; };
/* End PBXFileReference section */

/* Begin PBXFrameworksBuildPhase section */
		0D05EA58129B22CB0000C6AB /* Frameworks */ = {
			isa = PBXFrameworksBuildPhase;
			buildActionMask = 2147483647;
			files = (
				0D05EB70129B258B0000C6AB /* libDromeGL.a in Frameworks */,
				0D05EB6F129B25890000C6AB /* libDromeCore.a in Frameworks */,
				0D05EB6E129B25860000C6AB /* libDromeMath.a in Frameworks */,
				0D05EB3E129B24290000C6AB /* QuartzCore.framework in Frameworks */,
				0D05EB39129B240C0000C6AB /* Foundation.framework in Frameworks */,
				0D05EB36129B24040000C6AB /* UIKit.framework in Frameworks */,
				0D05EA77129B23900000C6AB /* OpenGLES.framework in Frameworks */,
				0D05EB75129B25A50000C6AB /* CoreGraphics.framework in Frameworks */,
			);
			runOnlyForDeploymentPostprocessing = 0;
		};
		0D5196311299EDCE0065E656 /* Frameworks */ = {
			isa = PBXFrameworksBuildPhase;
			buildActionMask = 2147483647;
			files = (
			);
			runOnlyForDeploymentPostprocessing = 0;
		};
		0D5196481299EE180065E656 /* Frameworks */ = {
			isa = PBXFrameworksBuildPhase;
			buildActionMask = 2147483647;
			files = (
			);
			runOnlyForDeploymentPostprocessing = 0;
		};
		D2AAC07C0554694100DB518D /* Frameworks */ = {
			isa = PBXFrameworksBuildPhase;
			buildActionMask = 2147483647;
			files = (
				0D05EAE1129B23EF0000C6AB /* UIKit.framework in Frameworks */,
				0D05EB3D129B24250000C6AB /* QuartzCore.framework in Frameworks */,
			);
			runOnlyForDeploymentPostprocessing = 0;
		};
/* End PBXFrameworksBuildPhase section */

/* Begin PBXGroup section */
		034768DFFF38A50411DB9C8B /* Products */ = {
			isa = PBXGroup;
			children = (
				D2AAC07E0554694100DB518D /* libDromeMath.a */,
				0D5196331299EDCE0065E656 /* libDromeCore.a */,
				0D51964A1299EE180065E656 /* libDromeGL.a */,
				0D05EA5A129B22CB0000C6AB /* DromeDemo.app */,
			);
			name = Products;
			sourceTree = "<group>";
		};
		0867D691FE84028FC02AAC07 /* DromeEngine */ = {
			isa = PBXGroup;
			children = (
				0DB9B766157AF2E300B737EF /* include */,
				0DB9B765157AF2DB00B737EF /* src */,
				0D05EA60129B23500000C6AB /* xcode_ios */,
				0867D69AFE84028FC02AAC07 /* Frameworks */,
				034768DFFF38A50411DB9C8B /* Products */,
			);
			name = DromeEngine;
			sourceTree = "<group>";
		};
		0867D69AFE84028FC02AAC07 /* Frameworks */ = {
			isa = PBXGroup;
			children = (
				0D05EAE0129B23EF0000C6AB /* UIKit.framework */,
				0D05EA76129B23900000C6AB /* OpenGLES.framework */,
				0D51970E1299EF510065E656 /* CoreGraphics.framework */,
				AACBBE490F95108600F1A2B1 /* Foundation.framework */,
				0D05EB3C129B24250000C6AB /* QuartzCore.framework */,
			);
			name = Frameworks;
			sourceTree = "<group>";
		};
		0D05EA60129B23500000C6AB /* xcode_ios */ = {
			isa = PBXGroup;
			children = (
				0DB9B7E9157AFF1F00B737EF /* ViewController.h */,
				0DB9B7EA157AFF1F00B737EF /* ViewController.m */,
				0DB9B7E8157AFE0800B737EF /* ViewController.xib */,
				0D05EA61129B236A0000C6AB /* Classes */,
				0D05EA6B129B236A0000C6AB /* main.mm */,
				0D05EA5C129B22CB0000C6AB /* DromeDemo-Info.plist */,
			);
			name = xcode_ios;
			sourceTree = "<group>";
		};
		0D05EA61129B236A0000C6AB /* Classes */ = {
			isa = PBXGroup;
			children = (
				0DB9B7F2157B068700B737EF /* AppDelegate.h */,
				0DB9B7F3157B068700B737EF /* AppDelegate.mm */,
				0D05EA64129B236A0000C6AB /* EAGLView.h */,
				0D05EA65129B236A0000C6AB /* EAGLView.mm */,
				0D05EA66129B236A0000C6AB /* ES1Renderer.h */,
				0D05EA67129B236A0000C6AB /* ES1Renderer.mm */,
			);
			path = Classes;
			sourceTree = "<group>";
		};
		0DB9B765157AF2DB00B737EF /* src */ = {
			isa = PBXGroup;
			children = (
				0DB9B7C4157AF3FE00B737EF /* DromeCore */,
				0DB9B7B4157AF3F500B737EF /* DromeGL */,
				0DB9B7A0157AF33F00B737EF /* DromeMath */,
			);
			name = src;
			sourceTree = "<group>";
		};
		0DB9B766157AF2E300B737EF /* include */ = {
			isa = PBXGroup;
			children = (
				0DB9B77D157AF30E00B737EF /* DromeCore */,
				0DB9B773157AF30400B737EF /* DromeGL */,
				0DB9B767157AF2F600B737EF /* DromeMath */,
			);
			name = include;
			sourceTree = "<group>";
		};
		0DB9B767157AF2F600B737EF /* DromeMath */ = {
			isa = PBXGroup;
			children = (
				0DB9B768157AF2F600B737EF /* BoundingBox.h */,
				0DB9B769157AF2F600B737EF /* BoundingSphere.h */,
				0DB9B76A157AF2F600B737EF /* DromeMath */,
				0DB9B76B157AF2F600B737EF /* Matrix4.h */,
				0DB9B76C157AF2F600B737EF /* PhysicsObject.h */,
				0DB9B76D157AF2F600B737EF /* Quaternion.h */,
				0DB9B76E157AF2F600B737EF /* Rect2i.h */,
				0DB9B76F157AF2F600B737EF /* Util.h */,
				0DB9B770157AF2F600B737EF /* Vector2i.h */,
				0DB9B771157AF2F600B737EF /* Vector3.h */,
				0DB9B772157AF2F600B737EF /* Vector4.h */,
			);
			name = DromeMath;
			path = ../include/DromeMath;
			sourceTree = "<group>";
		};
		0DB9B773157AF30400B737EF /* DromeGL */ = {
			isa = PBXGroup;
			children = (
				0DB9B774157AF30400B737EF /* Cube.h */,
				0DB9B775157AF30400B737EF /* DromeGL */,
				0DB9B777157AF30400B737EF /* OpenGL.h */,
				0DB9B778157AF30400B737EF /* ShaderProgram.h */,
				0DB9B779157AF30400B737EF /* Sphere.h */,
				0DB9B77A157AF30400B737EF /* Square.h */,
				0DB9B77B157AF30400B737EF /* Texture.h */,
				0DB9B77C157AF30400B737EF /* VertexBuffer.h */,
			);
			name = DromeGL;
			path = ../include/DromeGL;
			sourceTree = "<group>";
		};
		0DB9B77D157AF30E00B737EF /* DromeCore */ = {
			isa = PBXGroup;
			children = (
				0DB9B77E157AF30E00B737EF /* Button.h */,
				0DB9B77F157AF30E00B737EF /* ButtonState.h */,
				0DB9B780157AF30E00B737EF /* DromeCore */,
				0DB9B781157AF30E00B737EF /* Endian.h */,
				0DB9B782157AF30E00B737EF /* EventHandler.h */,
				0DB9B783157AF30E00B737EF /* Exception.h */,
				0DB9B784157AF30E00B737EF /* File.h */,
				0DB9B785157AF30E00B737EF /* Image.h */,
				0DB9B786157AF30E00B737EF /* Ref.h */,
				0DB9B787157AF30E00B737EF /* String.h */,
				0DB9B788157AF30E00B737EF /* Util.h */,
				0DB9B789157AF30E00B737EF /* Xml.h */,
			);
			name = DromeCore;
			path = ../include/DromeCore;
			sourceTree = "<group>";
		};
		0DB9B7A0157AF33F00B737EF /* DromeMath */ = {
			isa = PBXGroup;
			children = (
				0DB9B7A1157AF33F00B737EF /* BoundingBox.cpp */,
				0DB9B7A2157AF33F00B737EF /* BoundingSphere.cpp */,
				0DB9B7A4157AF33F00B737EF /* Matrix4.cpp */,
				0DB9B7A5157AF33F00B737EF /* PhysicsObject.cpp */,
				0DB9B7A6157AF33F00B737EF /* Quaternion.cpp */,
				0DB9B7A7157AF33F00B737EF /* Rect2i.cpp */,
				0DB9B7A8157AF33F00B737EF /* Vector2i.cpp */,
				0DB9B7A9157AF33F00B737EF /* Vector3.cpp */,
				0DB9B7AA157AF33F00B737EF /* Vector4.cpp */,
			);
			name = DromeMath;
			path = ../src/DromeMath;
			sourceTree = "<group>";
		};
		0DB9B7B4157AF3F500B737EF /* DromeGL */ = {
			isa = PBXGroup;
			children = (
				0DB9B7B6157AF3F500B737EF /* Cube.cpp */,
				0DB9B7B8157AF3F500B737EF /* ShaderProgram.cpp */,
				0DB9B7B9157AF3F500B737EF /* Sphere.cpp */,
				0DB9B7BA157AF3F500B737EF /* Square.cpp */,
				0DB9B7BB157AF3F500B737EF /* Texture.cpp */,
				0DB9B7BC157AF3F500B737EF /* VertexBuffer.cpp */,
			);
			name = DromeGL;
			path = ../src/DromeGL;
			sourceTree = "<group>";
		};
		0DB9B7C4157AF3FE00B737EF /* DromeCore */ = {
			isa = PBXGroup;
			children = (
				0DB9B7C5157AF3FE00B737EF /* Button.cpp */,
				0DB9B7C6157AF3FE00B737EF /* ButtonState.cpp */,
				0DB9B7C8157AF3FE00B737EF /* Endian.cpp */,
				0DB9B7C9157AF3FE00B737EF /* EventHandler.cpp */,
				0DB9B7CA157AF3FE00B737EF /* Exception.cpp */,
				0DB9B7CB157AF3FE00B737EF /* File.cpp */,
				0DB9B7CC157AF3FE00B737EF /* File_Apple.mm */,
				0DB9B7CD157AF3FE00B737EF /* Image.cpp */,
				0DB9B7CE157AF3FE00B737EF /* PcxImage.cpp */,
				0DB9B7CF157AF3FE00B737EF /* PcxImage.h */,
				0DB9B7D0157AF3FE00B737EF /* PngImage.cpp */,
				0DB9B7D1157AF3FE00B737EF /* PngImage.h */,
				0DB9B7D2157AF3FE00B737EF /* String.cpp */,
				0DB9B7D3157AF3FE00B737EF /* Util.cpp */,
				0DB9B7D4157AF3FE00B737EF /* Xml.cpp */,
			);
			name = DromeCore;
			path = ../src/DromeCore;
			sourceTree = "<group>";
		};
/* End PBXGroup section */

/* Begin PBXHeadersBuildPhase section */
		0D51962F1299EDCE0065E656 /* Headers */ = {
			isa = PBXHeadersBuildPhase;
			buildActionMask = 2147483647;
			files = (
				0DB9B7DE157AF3FE00B737EF /* PcxImage.h in Headers */,
				0DB9B7E0157AF3FE00B737EF /* PngImage.h in Headers */,
			);
			runOnlyForDeploymentPostprocessing = 0;
		};
		0D5196461299EE180065E656 /* Headers */ = {
			isa = PBXHeadersBuildPhase;
			buildActionMask = 2147483647;
			files = (
			);
			runOnlyForDeploymentPostprocessing = 0;
		};
		D2AAC07A0554694100DB518D /* Headers */ = {
			isa = PBXHeadersBuildPhase;
			buildActionMask = 2147483647;
			files = (
			);
			runOnlyForDeploymentPostprocessing = 0;
		};
/* End PBXHeadersBuildPhase section */

/* Begin PBXNativeTarget section */
		0D05EA59129B22CB0000C6AB /* DromeDemo */ = {
			isa = PBXNativeTarget;
			buildConfigurationList = 0D05EA5F129B22CB0000C6AB /* Build configuration list for PBXNativeTarget "DromeDemo" */;
			buildPhases = (
				0D05EA56129B22CB0000C6AB /* Resources */,
				0D05EA57129B22CB0000C6AB /* Sources */,
				0D05EA58129B22CB0000C6AB /* Frameworks */,
			);
			buildRules = (
			);
			dependencies = (
				0D05EDED129C706D0000C6AB /* PBXTargetDependency */,
				0D05EDEF129C70700000C6AB /* PBXTargetDependency */,
				0D05EDF1129C70730000C6AB /* PBXTargetDependency */,
			);
			name = DromeDemo;
			productName = DromeDemo;
			productReference = 0D05EA5A129B22CB0000C6AB /* DromeDemo.app */;
			productType = "com.apple.product-type.application";
		};
		0D5196321299EDCE0065E656 /* DromeCore */ = {
			isa = PBXNativeTarget;
			buildConfigurationList = 0D5196451299EE100065E656 /* Build configuration list for PBXNativeTarget "DromeCore" */;
			buildPhases = (
				0D51962F1299EDCE0065E656 /* Headers */,
				0D5196301299EDCE0065E656 /* Sources */,
				0D5196311299EDCE0065E656 /* Frameworks */,
			);
			buildRules = (
			);
			dependencies = (
			);
			name = DromeCore;
			productName = DromeCore;
			productReference = 0D5196331299EDCE0065E656 /* libDromeCore.a */;
			productType = "com.apple.product-type.library.static";
		};
		0D5196491299EE180065E656 /* DromeGL */ = {
			isa = PBXNativeTarget;
			buildConfigurationList = 0D51965A1299EE300065E656 /* Build configuration list for PBXNativeTarget "DromeGL" */;
			buildPhases = (
				0D5196461299EE180065E656 /* Headers */,
				0D5196471299EE180065E656 /* Sources */,
				0D5196481299EE180065E656 /* Frameworks */,
			);
			buildRules = (
			);
			dependencies = (
			);
			name = DromeGL;
			productName = DromeGfx;
			productReference = 0D51964A1299EE180065E656 /* libDromeGL.a */;
			productType = "com.apple.product-type.library.static";
		};
		D2AAC07D0554694100DB518D /* DromeMath */ = {
			isa = PBXNativeTarget;
			buildConfigurationList = 1DEB921E08733DC00010E9CD /* Build configuration list for PBXNativeTarget "DromeMath" */;
			buildPhases = (
				D2AAC07A0554694100DB518D /* Headers */,
				D2AAC07B0554694100DB518D /* Sources */,
				D2AAC07C0554694100DB518D /* Frameworks */,
			);
			buildRules = (
			);
			dependencies = (
			);
			name = DromeMath;
			productName = DromeEngine;
			productReference = D2AAC07E0554694100DB518D /* libDromeMath.a */;
			productType = "com.apple.product-type.library.static";
		};
/* End PBXNativeTarget section */

/* Begin PBXProject section */
		0867D690FE84028FC02AAC07 /* Project object */ = {
			isa = PBXProject;
			buildConfigurationList = 1DEB922208733DC00010E9CD /* Build configuration list for PBXProject "DromeEngine" */;
			compatibilityVersion = "Xcode 3.1";
			developmentRegion = English;
			hasScannedForEncodings = 1;
			knownRegions = (
				en,
			);
			mainGroup = 0867D691FE84028FC02AAC07 /* DromeEngine */;
			productRefGroup = 034768DFFF38A50411DB9C8B /* Products */;
			projectDirPath = "";
			projectRoot = "";
			targets = (
				D2AAC07D0554694100DB518D /* DromeMath */,
				0D5196321299EDCE0065E656 /* DromeCore */,
				0D5196491299EE180065E656 /* DromeGL */,
				0D05EA59129B22CB0000C6AB /* DromeDemo */,
			);
		};
/* End PBXProject section */

/* Begin PBXResourcesBuildPhase section */
		0D05EA56129B22CB0000C6AB /* Resources */ = {
			isa = PBXResourcesBuildPhase;
			buildActionMask = 2147483647;
			files = (
				0DB9B7EC157B034500B737EF /* ViewController.xib in Resources */,
			);
			runOnlyForDeploymentPostprocessing = 0;
		};
/* End PBXResourcesBuildPhase section */

/* Begin PBXSourcesBuildPhase section */
		0D05EA57129B22CB0000C6AB /* Sources */ = {
			isa = PBXSourcesBuildPhase;
			buildActionMask = 2147483647;
			files = (
				0D05EA6E129B236A0000C6AB /* EAGLView.mm in Sources */,
				0D05EA6F129B236A0000C6AB /* ES1Renderer.mm in Sources */,
				0D05EA71129B236A0000C6AB /* main.mm in Sources */,
				0DB9B7EB157AFF1F00B737EF /* ViewController.m in Sources */,
				0DB9B7F4157B068700B737EF /* AppDelegate.mm in Sources */,
			);
			runOnlyForDeploymentPostprocessing = 0;
		};
		0D5196301299EDCE0065E656 /* Sources */ = {
			isa = PBXSourcesBuildPhase;
			buildActionMask = 2147483647;
			files = (
				0DB9B7D5157AF3FE00B737EF /* Button.cpp in Sources */,
				0DB9B7D6157AF3FE00B737EF /* ButtonState.cpp in Sources */,
				0DB9B7D7157AF3FE00B737EF /* Endian.cpp in Sources */,
				0DB9B7D8157AF3FE00B737EF /* EventHandler.cpp in Sources */,
				0DB9B7D9157AF3FE00B737EF /* Exception.cpp in Sources */,
				0DB9B7DA157AF3FE00B737EF /* File.cpp in Sources */,
				0DB9B7DB157AF3FE00B737EF /* File_Apple.mm in Sources */,
				0DB9B7DC157AF3FE00B737EF /* Image.cpp in Sources */,
				0DB9B7DD157AF3FE00B737EF /* PcxImage.cpp in Sources */,
				0DB9B7DF157AF3FE00B737EF /* PngImage.cpp in Sources */,
				0DB9B7E1157AF3FE00B737EF /* String.cpp in Sources */,
				0DB9B7E2157AF3FE00B737EF /* Util.cpp in Sources */,
				0DB9B7E3157AF3FE00B737EF /* Xml.cpp in Sources */,
			);
			runOnlyForDeploymentPostprocessing = 0;
		};
		0D5196471299EE180065E656 /* Sources */ = {
			isa = PBXSourcesBuildPhase;
			buildActionMask = 2147483647;
			files = (
				0DB9B7BD157AF3F500B737EF /* Cube.cpp in Sources */,
				0DB9B7BF157AF3F500B737EF /* ShaderProgram.cpp in Sources */,
				0DB9B7C0157AF3F500B737EF /* Sphere.cpp in Sources */,
				0DB9B7C1157AF3F500B737EF /* Square.cpp in Sources */,
				0DB9B7C2157AF3F500B737EF /* Texture.cpp in Sources */,
				0DB9B7C3157AF3F500B737EF /* VertexBuffer.cpp in Sources */,
			);
			runOnlyForDeploymentPostprocessing = 0;
		};
		D2AAC07B0554694100DB518D /* Sources */ = {
			isa = PBXSourcesBuildPhase;
			buildActionMask = 2147483647;
			files = (
				0DB9B7AB157AF33F00B737EF /* BoundingBox.cpp in Sources */,
				0DB9B7AC157AF33F00B737EF /* BoundingSphere.cpp in Sources */,
				0DB9B7AD157AF33F00B737EF /* Matrix4.cpp in Sources */,
				0DB9B7AE157AF33F00B737EF /* PhysicsObject.cpp in Sources */,
				0DB9B7AF157AF33F00B737EF /* Quaternion.cpp in Sources */,
				0DB9B7B0157AF33F00B737EF /* Rect2i.cpp in Sources */,
				0DB9B7B1157AF33F00B737EF /* Vector2i.cpp in Sources */,
				0DB9B7B2157AF33F00B737EF /* Vector3.cpp in Sources */,
				0DB9B7B3157AF33F00B737EF /* Vector4.cpp in Sources */,
			);
			runOnlyForDeploymentPostprocessing = 0;
		};
/* End PBXSourcesBuildPhase section */

/* Begin PBXTargetDependency section */
		0D05EDED129C706D0000C6AB /* PBXTargetDependency */ = {
			isa = PBXTargetDependency;
			target = D2AAC07D0554694100DB518D /* DromeMath */;
			targetProxy = 0D05EDEC129C706D0000C6AB /* PBXContainerItemProxy */;
		};
		0D05EDEF129C70700000C6AB /* PBXTargetDependency */ = {
			isa = PBXTargetDependency;
			target = 0D5196321299EDCE0065E656 /* DromeCore */;
			targetProxy = 0D05EDEE129C70700000C6AB /* PBXContainerItemProxy */;
		};
		0D05EDF1129C70730000C6AB /* PBXTargetDependency */ = {
			isa = PBXTargetDependency;
			target = 0D5196491299EE180065E656 /* DromeGL */;
			targetProxy = 0D05EDF0129C70730000C6AB /* PBXContainerItemProxy */;
		};
/* End PBXTargetDependency section */

/* Begin XCBuildConfiguration section */
		0D05EA5D129B22CB0000C6AB /* Debug */ = {
			isa = XCBuildConfiguration;
			buildSettings = {
				ALWAYS_SEARCH_USER_PATHS = NO;
				COPY_PHASE_STRIP = NO;
				GCC_DYNAMIC_NO_PIC = NO;
				GCC_OPTIMIZATION_LEVEL = 0;
				GCC_PRECOMPILE_PREFIX_HEADER = YES;
				GCC_PREFIX_HEADER = "$(SYSTEM_LIBRARY_DIR)/Frameworks/UIKit.framework/Headers/UIKit.h";
				INFOPLIST_FILE = "DromeDemo-Info.plist";
				INSTALL_PATH = "$(HOME)/Applications";
				OTHER_LDFLAGS = (
					"-framework",
					Foundation,
					"-framework",
					UIKit,
				);
				PREBINDING = NO;
				PRODUCT_NAME = DromeDemo;
			};
			name = Debug;
		};
		0D05EA5E129B22CB0000C6AB /* Release */ = {
			isa = XCBuildConfiguration;
			buildSettings = {
				ALWAYS_SEARCH_USER_PATHS = NO;
				COPY_PHASE_STRIP = YES;
				GCC_ENABLE_FIX_AND_CONTINUE = NO;
				GCC_PRECOMPILE_PREFIX_HEADER = YES;
				GCC_PREFIX_HEADER = "$(SYSTEM_LIBRARY_DIR)/Frameworks/UIKit.framework/Headers/UIKit.h";
				INFOPLIST_FILE = "DromeDemo-Info.plist";
				INSTALL_PATH = "$(HOME)/Applications";
				OTHER_LDFLAGS = (
					"-framework",
					Foundation,
					"-framework",
					UIKit,
				);
				PREBINDING = NO;
				PRODUCT_NAME = DromeDemo;
				ZERO_LINK = NO;
			};
			name = Release;
		};
		0D5196341299EDCF0065E656 /* Debug */ = {
			isa = XCBuildConfiguration;
			buildSettings = {
				ALWAYS_SEARCH_USER_PATHS = NO;
				COPY_PHASE_STRIP = NO;
				GCC_DYNAMIC_NO_PIC = NO;
				GCC_OPTIMIZATION_LEVEL = 0;
				PREBINDING = NO;
				PRODUCT_NAME = DromeCore;
			};
			name = Debug;
		};
		0D5196351299EDCF0065E656 /* Release */ = {
			isa = XCBuildConfiguration;
			buildSettings = {
				ALWAYS_SEARCH_USER_PATHS = NO;
				COPY_PHASE_STRIP = YES;
				GCC_ENABLE_FIX_AND_CONTINUE = NO;
				PREBINDING = NO;
				PRODUCT_NAME = DromeCore;
				ZERO_LINK = NO;
			};
			name = Release;
		};
		0D51964B1299EE190065E656 /* Debug */ = {
			isa = XCBuildConfiguration;
			buildSettings = {
				ALWAYS_SEARCH_USER_PATHS = NO;
				COPY_PHASE_STRIP = NO;
				GCC_DYNAMIC_NO_PIC = NO;
				GCC_OPTIMIZATION_LEVEL = 0;
				PREBINDING = NO;
			};
			name = Debug;
		};
		0D51964C1299EE190065E656 /* Release */ = {
			isa = XCBuildConfiguration;
			buildSettings = {
				ALWAYS_SEARCH_USER_PATHS = NO;
				COPY_PHASE_STRIP = YES;
				GCC_ENABLE_FIX_AND_CONTINUE = NO;
				PREBINDING = NO;
				ZERO_LINK = NO;
			};
			name = Release;
		};
		1DEB921F08733DC00010E9CD /* Debug */ = {
			isa = XCBuildConfiguration;
			buildSettings = {
				ALWAYS_SEARCH_USER_PATHS = NO;
				ARCHS = "$(ARCHS_STANDARD_32_BIT)";
				COPY_PHASE_STRIP = NO;
				GCC_DYNAMIC_NO_PIC = NO;
				GCC_ENABLE_FIX_AND_CONTINUE = YES;
				GCC_MODEL_TUNING = G5;
				GCC_OPTIMIZATION_LEVEL = 0;
				GCC_PRECOMPILE_PREFIX_HEADER = NO;
				GCC_PREFIX_HEADER = "";
				PRODUCT_NAME = DromeMath;
			};
			name = Debug;
		};
		1DEB922008733DC00010E9CD /* Release */ = {
			isa = XCBuildConfiguration;
			buildSettings = {
				ALWAYS_SEARCH_USER_PATHS = NO;
				ARCHS = "$(ARCHS_STANDARD_32_BIT)";
				GCC_MODEL_TUNING = G5;
				GCC_PRECOMPILE_PREFIX_HEADER = NO;
				GCC_PREFIX_HEADER = "";
				PRODUCT_NAME = DromeMath;
			};
			name = Release;
		};
		1DEB922308733DC00010E9CD /* Debug */ = {
			isa = XCBuildConfiguration;
			buildSettings = {
				ARCHS = "$(ARCHS_STANDARD_32_BIT)";
				"CODE_SIGN_IDENTITY[sdk=iphoneos*]" = "iPhone Developer";
				GCC_C_LANGUAGE_STANDARD = c99;
				GCC_OPTIMIZATION_LEVEL = 0;
				GCC_PREPROCESSOR_DEFINITIONS = (
					IOS,
					APPLE,
				);
				GCC_WARN_ABOUT_RETURN_TYPE = YES;
				GCC_WARN_UNUSED_VARIABLE = YES;
				HEADER_SEARCH_PATHS = ../include;
				IPHONEOS_DEPLOYMENT_TARGET = 4.2;
				OTHER_CFLAGS = "-fvisibility=default";
				OTHER_LDFLAGS = "-ObjC";
				PREBINDING = NO;
				PRODUCT_NAME = DromeGL;
				"PROVISIONING_PROFILE[sdk=iphoneos*]" = "";
				SDKROOT = iphoneos;
			};
			name = Debug;
		};
		1DEB922408733DC00010E9CD /* Release */ = {
			isa = XCBuildConfiguration;
			buildSettings = {
				ARCHS = "$(ARCHS_STANDARD_32_BIT)";
				"CODE_SIGN_IDENTITY[sdk=iphoneos*]" = "iPhone Developer";
				GCC_C_LANGUAGE_STANDARD = c99;
				GCC_PREPROCESSOR_DEFINITIONS = (
					IOS,
					APPLE,
				);
				GCC_WARN_ABOUT_RETURN_TYPE = YES;
				GCC_WARN_UNUSED_VARIABLE = YES;
				HEADER_SEARCH_PATHS = ../include;
				IPHONEOS_DEPLOYMENT_TARGET = 4.2;
				OTHER_CFLAGS = "-fvisibility=default";
				OTHER_LDFLAGS = "-ObjC";
				PREBINDING = NO;
				PRODUCT_NAME = DromeGL;
				"PROVISIONING_PROFILE[sdk=iphoneos*]" = "";
				SDKROOT = iphoneos;
			};
			name = Release;
		};
/* End XCBuildConfiguration section */

/* Begin XCConfigurationList section */
		0D05EA5F129B22CB0000C6AB /* Build configuration list for PBXNativeTarget "DromeDemo" */ = {
			isa = XCConfigurationList;
			buildConfigurations = (
				0D05EA5D129B22CB0000C6AB /* Debug */,
				0D05EA5E129B22CB0000C6AB /* Release */,
			);
			defaultConfigurationIsVisible = 0;
			defaultConfigurationName = Release;
		};
		0D5196451299EE100065E656 /* Build configuration list for PBXNativeTarget "DromeCore" */ = {
			isa = XCConfigurationList;
			buildConfigurations = (
				0D5196341299EDCF0065E656 /* Debug */,
				0D5196351299EDCF0065E656 /* Release */,
			);
			defaultConfigurationIsVisible = 0;
			defaultConfigurationName = Release;
		};
		0D51965A1299EE300065E656 /* Build configuration list for PBXNativeTarget "DromeGL" */ = {
			isa = XCConfigurationList;
			buildConfigurations = (
				0D51964B1299EE190065E656 /* Debug */,
				0D51964C1299EE190065E656 /* Release */,
			);
			defaultConfigurationIsVisible = 0;
			defaultConfigurationName = Release;
		};
		1DEB921E08733DC00010E9CD /* Build configuration list for PBXNativeTarget "DromeMath" */ = {
			isa = XCConfigurationList;
			buildConfigurations = (
				1DEB921F08733DC00010E9CD /* Debug */,
				1DEB922008733DC00010E9CD /* Release */,
			);
			defaultConfigurationIsVisible = 0;
			defaultConfigurationName = Release;
		};
		1DEB922208733DC00010E9CD /* Build configuration list for PBXProject "DromeEngine" */ = {
			isa = XCConfigurationList;
			buildConfigurations = (
				1DEB922308733DC00010E9CD /* Debug */,
				1DEB922408733DC00010E9CD /* Release */,
			);
			defaultConfigurationIsVisible = 0;
			defaultConfigurationName = Release;
		};
/* End XCConfigurationList section */
	};
	rootObject = 0867D690FE84028FC02AAC07 /* Project object */;
}
